{
  "version": 4,
  "terraform_version": "1.5.0",
  "serial": 211,
  "lineage": "947a020b-661b-13fb-6860-1dd163192ab8",
  "outputs": {
    "public_dns_hostname": {
      "value": "dev-globo-web-app-lb-1672530713.us-east-1.elb.amazonaws.com",
      "type": "string"
    }
  },
  "resources": [
    {
      "mode": "data",
      "type": "aws_availability_zones",
      "name": "available",
      "provider": "provider[\"registry.terraform.io/hashicorp/aws\"]",
      "instances": [
        {
          "schema_version": 0,
          "attributes": {
            "all_availability_zones": null,
            "exclude_names": null,
            "exclude_zone_ids": null,
            "filter": null,
            "group_names": [
              "us-east-1"
            ],
            "id": "us-east-1",
            "names": [
              "us-east-1a",
              "us-east-1b",
              "us-east-1c",
              "us-east-1d",
              "us-east-1e",
              "us-east-1f"
            ],
            "state": "available",
            "timeouts": null,
            "zone_ids": [
              "use1-az4",
              "use1-az6",
              "use1-az1",
              "use1-az2",
              "use1-az3",
              "use1-az5"
            ]
          },
          "sensitive_attributes": []
        }
      ]
    },
    {
      "mode": "data",
      "type": "aws_elb_service_account",
      "name": "main",
      "provider": "provider[\"registry.terraform.io/hashicorp/aws\"]",
      "instances": [
        {
          "schema_version": 0,
          "attributes": {
            "arn": "arn:aws:iam::127311923021:root",
            "id": "127311923021",
            "region": null
          },
          "sensitive_attributes": []
        }
      ]
    },
    {
      "mode": "data",
      "type": "aws_ssm_parameter",
      "name": "amzn2_linux",
      "provider": "provider[\"registry.terraform.io/hashicorp/aws\"]",
      "instances": [
        {
          "schema_version": 0,
          "attributes": {
            "arn": "arn:aws:ssm:us-east-1::parameter/aws/service/ami-amazon-linux-latest/amzn2-ami-hvm-x86_64-gp2",
            "id": "/aws/service/ami-amazon-linux-latest/amzn2-ami-hvm-x86_64-gp2",
            "name": "/aws/service/ami-amazon-linux-latest/amzn2-ami-hvm-x86_64-gp2",
            "type": "String",
            "value": "ami-0476f2ee0a10d89bc",
            "version": 91,
            "with_decryption": true
          },
          "sensitive_attributes": []
        }
      ]
    },
    {
      "mode": "managed",
      "type": "aws_instance",
      "name": "nginx",
      "provider": "provider[\"registry.terraform.io/hashicorp/aws\"]",
      "instances": [
        {
          "index_key": 0,
          "schema_version": 1,
          "attributes": {
            "ami": "ami-0476f2ee0a10d89bc",
            "arn": "arn:aws:ec2:us-east-1:555065207695:instance/i-083f62a28240c2389",
            "associate_public_ip_address": true,
            "availability_zone": "us-east-1a",
            "capacity_reservation_specification": [
              {
                "capacity_reservation_preference": "open",
                "capacity_reservation_target": []
              }
            ],
            "cpu_core_count": 1,
            "cpu_options": [
              {
                "amd_sev_snp": "",
                "core_count": 1,
                "threads_per_core": 1
              }
            ],
            "cpu_threads_per_core": 1,
            "credit_specification": [
              {
                "cpu_credits": "standard"
              }
            ],
            "disable_api_stop": false,
            "disable_api_termination": false,
            "ebs_block_device": [],
            "ebs_optimized": false,
            "enclave_options": [
              {
                "enabled": false
              }
            ],
            "ephemeral_block_device": [],
            "get_password_data": false,
            "hibernation": false,
            "host_id": "",
            "host_resource_group_arn": null,
            "iam_instance_profile": "dev-globo-web-app-80255-ec2_read_s3_profile",
            "id": "i-083f62a28240c2389",
            "instance_initiated_shutdown_behavior": "stop",
            "instance_lifecycle": "",
            "instance_market_options": [],
            "instance_state": "running",
            "instance_type": "t2.micro",
            "ipv6_address_count": 0,
            "ipv6_addresses": [],
            "key_name": "",
            "launch_template": [],
            "maintenance_options": [
              {
                "auto_recovery": "default"
              }
            ],
            "metadata_options": [
              {
                "http_endpoint": "enabled",
                "http_put_response_hop_limit": 1,
                "http_tokens": "optional",
                "instance_metadata_tags": "disabled"
              }
            ],
            "monitoring": false,
            "network_interface": [],
            "outpost_arn": "",
            "password_data": "",
            "placement_group": "",
            "placement_partition_number": 0,
            "primary_network_interface_id": "eni-03e6e3f4d215865df",
            "private_dns": "ip-10-0-0-49.ec2.internal",
            "private_dns_name_options": [
              {
                "enable_resource_name_dns_a_record": false,
                "enable_resource_name_dns_aaaa_record": false,
                "hostname_type": "ip-name"
              }
            ],
            "private_ip": "10.0.0.49",
            "public_dns": "ec2-34-229-203-81.compute-1.amazonaws.com",
            "public_ip": "34.229.203.81",
            "root_block_device": [
              {
                "delete_on_termination": true,
                "device_name": "/dev/xvda",
                "encrypted": false,
                "iops": 100,
                "kms_key_id": "",
                "tags": {},
                "throughput": 0,
                "volume_id": "vol-0399049da544840aa",
                "volume_size": 8,
                "volume_type": "gp2"
              }
            ],
            "secondary_private_ips": [],
            "security_groups": [],
            "source_dest_check": true,
            "spot_instance_request_id": "",
            "subnet_id": "subnet-0c8863143088e7f11",
            "tags": {
              "Name": "dev-globo-web-app-ec2-1",
              "Terraform": "true",
              "billing_code": "ACCT8675309",
              "company": "Globomantics",
              "project": "Globomantics-globo-web-app"
            },
            "tags_all": {
              "Name": "dev-globo-web-app-ec2-1",
              "Terraform": "true",
              "billing_code": "ACCT8675309",
              "company": "Globomantics",
              "project": "Globomantics-globo-web-app"
            },
            "tenancy": "default",
            "timeouts": null,
            "user_data": "c1db9a8ebcf6cb983e838840af015432ec212954",
            "user_data_base64": null,
            "user_data_replace_on_change": false,
            "volume_tags": null,
            "vpc_security_group_ids": [
              "sg-0d07866815ca7cc42"
            ]
          },
          "sensitive_attributes": [],
          "private": "eyJlMmJmYjczMC1lY2FhLTExZTYtOGY4OC0zNDM2M2JjN2M0YzAiOnsiY3JlYXRlIjo2MDAwMDAwMDAwMDAsImRlbGV0ZSI6MTIwMDAwMDAwMDAwMCwidXBkYXRlIjo2MDAwMDAwMDAwMDB9LCJzY2hlbWFfdmVyc2lvbiI6IjEifQ==",
          "dependencies": [
            "aws_security_group.nginx_sg",
            "data.aws_availability_zones.available",
            "data.aws_elb_service_account.main",
            "data.aws_ssm_parameter.amzn2_linux",
            "module.s3.aws_iam_instance_profile.ec2_read_s3_profile",
            "module.s3.aws_iam_role.ec2_read_s3_role",
            "module.s3.aws_iam_role_policy.read_s3_policy",
            "module.s3.aws_s3_bucket.website_bucket",
            "module.s3.aws_s3_bucket_policy.allow_elb_write_access_logs",
            "module.s3.data.aws_iam_policy_document.allow_elb_write_access_logs",
            "module.vpc.aws_subnet.public",
            "module.vpc.aws_vpc.this",
            "module.vpc.aws_vpc_ipv4_cidr_block_association.this",
            "random_integer.rand"
          ]
        },
        {
          "index_key": 1,
          "schema_version": 1,
          "attributes": {
            "ami": "ami-0476f2ee0a10d89bc",
            "arn": "arn:aws:ec2:us-east-1:555065207695:instance/i-0835d54f60060e139",
            "associate_public_ip_address": true,
            "availability_zone": "us-east-1b",
            "capacity_reservation_specification": [
              {
                "capacity_reservation_preference": "open",
                "capacity_reservation_target": []
              }
            ],
            "cpu_core_count": 1,
            "cpu_options": [
              {
                "amd_sev_snp": "",
                "core_count": 1,
                "threads_per_core": 1
              }
            ],
            "cpu_threads_per_core": 1,
            "credit_specification": [
              {
                "cpu_credits": "standard"
              }
            ],
            "disable_api_stop": false,
            "disable_api_termination": false,
            "ebs_block_device": [],
            "ebs_optimized": false,
            "enclave_options": [
              {
                "enabled": false
              }
            ],
            "ephemeral_block_device": [],
            "get_password_data": false,
            "hibernation": false,
            "host_id": "",
            "host_resource_group_arn": null,
            "iam_instance_profile": "dev-globo-web-app-80255-ec2_read_s3_profile",
            "id": "i-0835d54f60060e139",
            "instance_initiated_shutdown_behavior": "stop",
            "instance_lifecycle": "",
            "instance_market_options": [],
            "instance_state": "running",
            "instance_type": "t2.micro",
            "ipv6_address_count": 0,
            "ipv6_addresses": [],
            "key_name": "",
            "launch_template": [],
            "maintenance_options": [
              {
                "auto_recovery": "default"
              }
            ],
            "metadata_options": [
              {
                "http_endpoint": "enabled",
                "http_put_response_hop_limit": 1,
                "http_tokens": "optional",
                "instance_metadata_tags": "disabled"
              }
            ],
            "monitoring": false,
            "network_interface": [],
            "outpost_arn": "",
            "password_data": "",
            "placement_group": "",
            "placement_partition_number": 0,
            "primary_network_interface_id": "eni-0228eff138a92731a",
            "private_dns": "ip-10-0-1-27.ec2.internal",
            "private_dns_name_options": [
              {
                "enable_resource_name_dns_a_record": false,
                "enable_resource_name_dns_aaaa_record": false,
                "hostname_type": "ip-name"
              }
            ],
            "private_ip": "10.0.1.27",
            "public_dns": "ec2-3-94-83-208.compute-1.amazonaws.com",
            "public_ip": "3.94.83.208",
            "root_block_device": [
              {
                "delete_on_termination": true,
                "device_name": "/dev/xvda",
                "encrypted": false,
                "iops": 100,
                "kms_key_id": "",
                "tags": {},
                "throughput": 0,
                "volume_id": "vol-0fd2c32952c3af0ae",
                "volume_size": 8,
                "volume_type": "gp2"
              }
            ],
            "secondary_private_ips": [],
            "security_groups": [],
            "source_dest_check": true,
            "spot_instance_request_id": "",
            "subnet_id": "subnet-0cde5f2f7e2945016",
            "tags": {
              "Name": "dev-globo-web-app-ec2-2",
              "Terraform": "true",
              "billing_code": "ACCT8675309",
              "company": "Globomantics",
              "project": "Globomantics-globo-web-app"
            },
            "tags_all": {
              "Name": "dev-globo-web-app-ec2-2",
              "Terraform": "true",
              "billing_code": "ACCT8675309",
              "company": "Globomantics",
              "project": "Globomantics-globo-web-app"
            },
            "tenancy": "default",
            "timeouts": null,
            "user_data": "c1db9a8ebcf6cb983e838840af015432ec212954",
            "user_data_base64": null,
            "user_data_replace_on_change": false,
            "volume_tags": null,
            "vpc_security_group_ids": [
              "sg-0d07866815ca7cc42"
            ]
          },
          "sensitive_attributes": [],
          "private": "eyJlMmJmYjczMC1lY2FhLTExZTYtOGY4OC0zNDM2M2JjN2M0YzAiOnsiY3JlYXRlIjo2MDAwMDAwMDAwMDAsImRlbGV0ZSI6MTIwMDAwMDAwMDAwMCwidXBkYXRlIjo2MDAwMDAwMDAwMDB9LCJzY2hlbWFfdmVyc2lvbiI6IjEifQ==",
          "dependencies": [
            "aws_security_group.nginx_sg",
            "data.aws_availability_zones.available",
            "data.aws_elb_service_account.main",
            "data.aws_ssm_parameter.amzn2_linux",
            "module.s3.aws_iam_instance_profile.ec2_read_s3_profile",
            "module.s3.aws_iam_role.ec2_read_s3_role",
            "module.s3.aws_iam_role_policy.read_s3_policy",
            "module.s3.aws_s3_bucket.website_bucket",
            "module.s3.aws_s3_bucket_policy.allow_elb_write_access_logs",
            "module.s3.data.aws_iam_policy_document.allow_elb_write_access_logs",
            "module.vpc.aws_subnet.public",
            "module.vpc.aws_vpc.this",
            "module.vpc.aws_vpc_ipv4_cidr_block_association.this",
            "random_integer.rand"
          ]
        }
      ]
    },
    {
      "mode": "managed",
      "type": "aws_lb",
      "name": "nginx_lb",
      "provider": "provider[\"registry.terraform.io/hashicorp/aws\"]",
      "instances": [
        {
          "schema_version": 0,
          "attributes": {
            "access_logs": [
              {
                "bucket": "dev-globo-web-app-80255",
                "enabled": true,
                "prefix": "lb-logs"
              }
            ],
            "arn": "arn:aws:elasticloadbalancing:us-east-1:555065207695:loadbalancer/app/dev-globo-web-app-lb/8e78f077b9b4cd89",
            "arn_suffix": "app/dev-globo-web-app-lb/8e78f077b9b4cd89",
            "customer_owned_ipv4_pool": "",
            "desync_mitigation_mode": "defensive",
            "dns_name": "dev-globo-web-app-lb-1672530713.us-east-1.elb.amazonaws.com",
            "drop_invalid_header_fields": false,
            "enable_cross_zone_load_balancing": true,
            "enable_deletion_protection": false,
            "enable_http2": true,
            "enable_tls_version_and_cipher_suite_headers": false,
            "enable_waf_fail_open": false,
            "enable_xff_client_port": false,
            "id": "arn:aws:elasticloadbalancing:us-east-1:555065207695:loadbalancer/app/dev-globo-web-app-lb/8e78f077b9b4cd89",
            "idle_timeout": 60,
            "internal": false,
            "ip_address_type": "ipv4",
            "load_balancer_type": "application",
            "name": "dev-globo-web-app-lb",
            "name_prefix": null,
            "preserve_host_header": false,
            "security_groups": [
              "sg-007f0fe2a1422a449"
            ],
            "subnet_mapping": [
              {
                "allocation_id": "",
                "ipv6_address": "",
                "outpost_id": "",
                "private_ipv4_address": "",
                "subnet_id": "subnet-0c8863143088e7f11"
              },
              {
                "allocation_id": "",
                "ipv6_address": "",
                "outpost_id": "",
                "private_ipv4_address": "",
                "subnet_id": "subnet-0cde5f2f7e2945016"
              }
            ],
            "subnets": [
              "subnet-0c8863143088e7f11",
              "subnet-0cde5f2f7e2945016"
            ],
            "tags": {
              "Name": "dev-globo-web-app-lb",
              "Terraform": "true",
              "billing_code": "ACCT8675309",
              "company": "Globomantics",
              "project": "Globomantics-globo-web-app"
            },
            "tags_all": {
              "Name": "dev-globo-web-app-lb",
              "Terraform": "true",
              "billing_code": "ACCT8675309",
              "company": "Globomantics",
              "project": "Globomantics-globo-web-app"
            },
            "timeouts": null,
            "vpc_id": "vpc-0ff3a0407268b6374",
            "xff_header_processing_mode": "append",
            "zone_id": "Z35SXDOTRQ7X7K"
          },
          "sensitive_attributes": [],
          "private": "eyJlMmJmYjczMC1lY2FhLTExZTYtOGY4OC0zNDM2M2JjN2M0YzAiOnsiY3JlYXRlIjo2MDAwMDAwMDAwMDAsImRlbGV0ZSI6NjAwMDAwMDAwMDAwLCJ1cGRhdGUiOjYwMDAwMDAwMDAwMH19",
          "dependencies": [
            "aws_security_group.lb_sg",
            "data.aws_availability_zones.available",
            "module.s3.aws_s3_bucket.website_bucket",
            "module.vpc.aws_subnet.public",
            "module.vpc.aws_vpc.this",
            "module.vpc.aws_vpc_ipv4_cidr_block_association.this",
            "random_integer.rand"
          ]
        }
      ]
    },
    {
      "mode": "managed",
      "type": "aws_lb_listener",
      "name": "front_end",
      "provider": "provider[\"registry.terraform.io/hashicorp/aws\"]",
      "instances": [
        {
          "schema_version": 0,
          "attributes": {
            "alpn_policy": null,
            "arn": "arn:aws:elasticloadbalancing:us-east-1:555065207695:listener/app/dev-globo-web-app-lb/8e78f077b9b4cd89/1347876969e2811a",
            "certificate_arn": null,
            "default_action": [
              {
                "authenticate_cognito": [],
                "authenticate_oidc": [],
                "fixed_response": [],
                "forward": [],
                "order": 1,
                "redirect": [],
                "target_group_arn": "arn:aws:elasticloadbalancing:us-east-1:555065207695:targetgroup/dev-globo-web-app-tg/42de55ee8524679b",
                "type": "forward"
              }
            ],
            "id": "arn:aws:elasticloadbalancing:us-east-1:555065207695:listener/app/dev-globo-web-app-lb/8e78f077b9b4cd89/1347876969e2811a",
            "load_balancer_arn": "arn:aws:elasticloadbalancing:us-east-1:555065207695:loadbalancer/app/dev-globo-web-app-lb/8e78f077b9b4cd89",
            "port": 80,
            "protocol": "HTTP",
            "ssl_policy": "",
            "tags": {
              "Name": "dev-globo-web-app-listener",
              "Terraform": "true",
              "billing_code": "ACCT8675309",
              "company": "Globomantics",
              "project": "Globomantics-globo-web-app"
            },
            "tags_all": {
              "Name": "dev-globo-web-app-listener",
              "Terraform": "true",
              "billing_code": "ACCT8675309",
              "company": "Globomantics",
              "project": "Globomantics-globo-web-app"
            },
            "timeouts": null
          },
          "sensitive_attributes": [],
          "private": "eyJlMmJmYjczMC1lY2FhLTExZTYtOGY4OC0zNDM2M2JjN2M0YzAiOnsicmVhZCI6NjAwMDAwMDAwMDAwfX0=",
          "dependencies": [
            "aws_lb.nginx_lb",
            "aws_lb_target_group.nginx_tg",
            "aws_security_group.lb_sg",
            "data.aws_availability_zones.available",
            "module.s3.aws_s3_bucket.website_bucket",
            "module.vpc.aws_subnet.public",
            "module.vpc.aws_vpc.this",
            "module.vpc.aws_vpc_ipv4_cidr_block_association.this",
            "random_integer.rand"
          ]
        }
      ]
    },
    {
      "mode": "managed",
      "type": "aws_lb_target_group",
      "name": "nginx_tg",
      "provider": "provider[\"registry.terraform.io/hashicorp/aws\"]",
      "instances": [
        {
          "schema_version": 0,
          "attributes": {
            "arn": "arn:aws:elasticloadbalancing:us-east-1:555065207695:targetgroup/dev-globo-web-app-tg/42de55ee8524679b",
            "arn_suffix": "targetgroup/dev-globo-web-app-tg/42de55ee8524679b",
            "connection_termination": false,
            "deregistration_delay": "300",
            "health_check": [
              {
                "enabled": true,
                "healthy_threshold": 5,
                "interval": 30,
                "matcher": "200",
                "path": "/",
                "port": "traffic-port",
                "protocol": "HTTP",
                "timeout": 5,
                "unhealthy_threshold": 2
              }
            ],
            "id": "arn:aws:elasticloadbalancing:us-east-1:555065207695:targetgroup/dev-globo-web-app-tg/42de55ee8524679b",
            "ip_address_type": "ipv4",
            "lambda_multi_value_headers_enabled": false,
            "load_balancing_algorithm_type": "round_robin",
            "load_balancing_cross_zone_enabled": "use_load_balancer_configuration",
            "name": "dev-globo-web-app-tg",
            "name_prefix": null,
            "port": 80,
            "preserve_client_ip": null,
            "protocol": "HTTP",
            "protocol_version": "HTTP1",
            "proxy_protocol_v2": false,
            "slow_start": 0,
            "stickiness": [
              {
                "cookie_duration": 86400,
                "cookie_name": "",
                "enabled": false,
                "type": "lb_cookie"
              }
            ],
            "tags": {
              "Name": "dev-globo-web-app-tg",
              "Terraform": "true",
              "billing_code": "ACCT8675309",
              "company": "Globomantics",
              "project": "Globomantics-globo-web-app"
            },
            "tags_all": {
              "Name": "dev-globo-web-app-tg",
              "Terraform": "true",
              "billing_code": "ACCT8675309",
              "company": "Globomantics",
              "project": "Globomantics-globo-web-app"
            },
            "target_failover": [
              {
                "on_deregistration": null,
                "on_unhealthy": null
              }
            ],
            "target_type": "instance",
            "vpc_id": "vpc-0ff3a0407268b6374"
          },
          "sensitive_attributes": [],
          "private": "bnVsbA==",
          "dependencies": [
            "module.vpc.aws_vpc.this"
          ]
        }
      ]
    },
    {
      "mode": "managed",
      "type": "aws_lb_target_group_attachment",
      "name": "tg",
      "provider": "provider[\"registry.terraform.io/hashicorp/aws\"]",
      "instances": [
        {
          "index_key": 0,
          "schema_version": 0,
          "attributes": {
            "availability_zone": null,
            "id": "arn:aws:elasticloadbalancing:us-east-1:555065207695:targetgroup/dev-globo-web-app-tg/42de55ee8524679b-20230802082746720000000003",
            "port": 80,
            "target_group_arn": "arn:aws:elasticloadbalancing:us-east-1:555065207695:targetgroup/dev-globo-web-app-tg/42de55ee8524679b",
            "target_id": "i-083f62a28240c2389"
          },
          "sensitive_attributes": [],
          "private": "bnVsbA==",
          "dependencies": [
            "aws_instance.nginx",
            "aws_lb_target_group.nginx_tg",
            "aws_security_group.nginx_sg",
            "data.aws_availability_zones.available",
            "data.aws_elb_service_account.main",
            "data.aws_ssm_parameter.amzn2_linux",
            "module.s3.aws_iam_instance_profile.ec2_read_s3_profile",
            "module.s3.aws_iam_role.ec2_read_s3_role",
            "module.s3.aws_iam_role_policy.read_s3_policy",
            "module.s3.aws_s3_bucket.website_bucket",
            "module.s3.aws_s3_bucket_policy.allow_elb_write_access_logs",
            "module.s3.data.aws_iam_policy_document.allow_elb_write_access_logs",
            "module.vpc.aws_subnet.public",
            "module.vpc.aws_vpc.this",
            "module.vpc.aws_vpc_ipv4_cidr_block_association.this",
            "random_integer.rand"
          ]
        },
        {
          "index_key": 1,
          "schema_version": 0,
          "attributes": {
            "availability_zone": null,
            "id": "arn:aws:elasticloadbalancing:us-east-1:555065207695:targetgroup/dev-globo-web-app-tg/42de55ee8524679b-20230802082747128600000004",
            "port": 80,
            "target_group_arn": "arn:aws:elasticloadbalancing:us-east-1:555065207695:targetgroup/dev-globo-web-app-tg/42de55ee8524679b",
            "target_id": "i-0835d54f60060e139"
          },
          "sensitive_attributes": [],
          "private": "bnVsbA==",
          "dependencies": [
            "aws_instance.nginx",
            "aws_lb_target_group.nginx_tg",
            "aws_security_group.nginx_sg",
            "data.aws_availability_zones.available",
            "data.aws_elb_service_account.main",
            "data.aws_ssm_parameter.amzn2_linux",
            "module.s3.aws_iam_instance_profile.ec2_read_s3_profile",
            "module.s3.aws_iam_role.ec2_read_s3_role",
            "module.s3.aws_iam_role_policy.read_s3_policy",
            "module.s3.aws_s3_bucket.website_bucket",
            "module.s3.aws_s3_bucket_policy.allow_elb_write_access_logs",
            "module.s3.data.aws_iam_policy_document.allow_elb_write_access_logs",
            "module.vpc.aws_subnet.public",
            "module.vpc.aws_vpc.this",
            "module.vpc.aws_vpc_ipv4_cidr_block_association.this",
            "random_integer.rand"
          ]
        }
      ]
    },
    {
      "mode": "managed",
      "type": "aws_s3_object",
      "name": "website",
      "provider": "provider[\"registry.terraform.io/hashicorp/aws\"]",
      "instances": [
        {
          "index_key": "index",
          "schema_version": 0,
          "attributes": {
            "acl": null,
            "bucket": "dev-globo-web-app-80255",
            "bucket_key_enabled": false,
            "cache_control": "",
            "content": null,
            "content_base64": null,
            "content_disposition": "",
            "content_encoding": "",
            "content_language": "",
            "content_type": "binary/octet-stream",
            "etag": "c50d7bb0f7d9dc993dd2c60c4416da23",
            "force_destroy": false,
            "id": "website/index.html",
            "key": "website/index.html",
            "kms_key_id": null,
            "metadata": null,
            "object_lock_legal_hold_status": "",
            "object_lock_mode": "",
            "object_lock_retain_until_date": "",
            "server_side_encryption": "AES256",
            "source": "website/index.html",
            "source_hash": null,
            "storage_class": "STANDARD",
            "tags": {
              "Name": "dev-globo-web-app-website-resource",
              "Terraform": "true",
              "billing_code": "ACCT8675309",
              "company": "Globomantics",
              "project": "Globomantics-globo-web-app"
            },
            "tags_all": {
              "Name": "dev-globo-web-app-website-resource",
              "Terraform": "true",
              "billing_code": "ACCT8675309",
              "company": "Globomantics",
              "project": "Globomantics-globo-web-app"
            },
            "version_id": "",
            "website_redirect": ""
          },
          "sensitive_attributes": [],
          "private": "bnVsbA==",
          "dependencies": [
            "module.s3.aws_s3_bucket.website_bucket",
            "random_integer.rand"
          ]
        },
        {
          "index_key": "logo",
          "schema_version": 0,
          "attributes": {
            "acl": null,
            "bucket": "dev-globo-web-app-80255",
            "bucket_key_enabled": false,
            "cache_control": "",
            "content": null,
            "content_base64": null,
            "content_disposition": "",
            "content_encoding": "",
            "content_language": "",
            "content_type": "binary/octet-stream",
            "etag": "e687fb69f04d709058ec93b505e8c8ee",
            "force_destroy": false,
            "id": "website/Globo_logo_Vert.png",
            "key": "website/Globo_logo_Vert.png",
            "kms_key_id": null,
            "metadata": null,
            "object_lock_legal_hold_status": "",
            "object_lock_mode": "",
            "object_lock_retain_until_date": "",
            "server_side_encryption": "AES256",
            "source": "website/Globo_logo_Vert.png",
            "source_hash": null,
            "storage_class": "STANDARD",
            "tags": {
              "Name": "dev-globo-web-app-website-resource",
              "Terraform": "true",
              "billing_code": "ACCT8675309",
              "company": "Globomantics",
              "project": "Globomantics-globo-web-app"
            },
            "tags_all": {
              "Name": "dev-globo-web-app-website-resource",
              "Terraform": "true",
              "billing_code": "ACCT8675309",
              "company": "Globomantics",
              "project": "Globomantics-globo-web-app"
            },
            "version_id": "",
            "website_redirect": ""
          },
          "sensitive_attributes": [],
          "private": "bnVsbA==",
          "dependencies": [
            "module.s3.aws_s3_bucket.website_bucket",
            "random_integer.rand"
          ]
        }
      ]
    },
    {
      "mode": "managed",
      "type": "aws_security_group",
      "name": "lb_sg",
      "provider": "provider[\"registry.terraform.io/hashicorp/aws\"]",
      "instances": [
        {
          "schema_version": 1,
          "attributes": {
            "arn": "arn:aws:ec2:us-east-1:555065207695:security-group/sg-007f0fe2a1422a449",
            "description": "Managed by Terraform",
            "egress": [
              {
                "cidr_blocks": [
                  "0.0.0.0/0"
                ],
                "description": "",
                "from_port": 0,
                "ipv6_cidr_blocks": [],
                "prefix_list_ids": [],
                "protocol": "-1",
                "security_groups": [],
                "self": false,
                "to_port": 0
              }
            ],
            "id": "sg-007f0fe2a1422a449",
            "ingress": [
              {
                "cidr_blocks": [
                  "0.0.0.0/0"
                ],
                "description": "",
                "from_port": 80,
                "ipv6_cidr_blocks": [],
                "prefix_list_ids": [],
                "protocol": "tcp",
                "security_groups": [],
                "self": false,
                "to_port": 80
              }
            ],
            "name": "dev-globo-web-app-lb-sg",
            "name_prefix": "",
            "owner_id": "555065207695",
            "revoke_rules_on_delete": false,
            "tags": {
              "Name": "dev-globo-web-app-lb-sg",
              "Terraform": "true",
              "billing_code": "ACCT8675309",
              "company": "Globomantics",
              "project": "Globomantics-globo-web-app"
            },
            "tags_all": {
              "Name": "dev-globo-web-app-lb-sg",
              "Terraform": "true",
              "billing_code": "ACCT8675309",
              "company": "Globomantics",
              "project": "Globomantics-globo-web-app"
            },
            "timeouts": null,
            "vpc_id": "vpc-0ff3a0407268b6374"
          },
          "sensitive_attributes": [],
          "private": "eyJlMmJmYjczMC1lY2FhLTExZTYtOGY4OC0zNDM2M2JjN2M0YzAiOnsiY3JlYXRlIjo2MDAwMDAwMDAwMDAsImRlbGV0ZSI6OTAwMDAwMDAwMDAwfSwic2NoZW1hX3ZlcnNpb24iOiIxIn0=",
          "dependencies": [
            "module.vpc.aws_vpc.this"
          ]
        }
      ]
    },
    {
      "mode": "managed",
      "type": "aws_security_group",
      "name": "nginx_sg",
      "provider": "provider[\"registry.terraform.io/hashicorp/aws\"]",
      "instances": [
        {
          "schema_version": 1,
          "attributes": {
            "arn": "arn:aws:ec2:us-east-1:555065207695:security-group/sg-0d07866815ca7cc42",
            "description": "Managed by Terraform",
            "egress": [
              {
                "cidr_blocks": [
                  "0.0.0.0/0"
                ],
                "description": "",
                "from_port": 0,
                "ipv6_cidr_blocks": [],
                "prefix_list_ids": [],
                "protocol": "-1",
                "security_groups": [],
                "self": false,
                "to_port": 0
              }
            ],
            "id": "sg-0d07866815ca7cc42",
            "ingress": [
              {
                "cidr_blocks": [
                  "10.0.0.0/16"
                ],
                "description": "",
                "from_port": 80,
                "ipv6_cidr_blocks": [],
                "prefix_list_ids": [],
                "protocol": "tcp",
                "security_groups": [],
                "self": false,
                "to_port": 80
              }
            ],
            "name": "dev-globo-web-app-ec2-sg",
            "name_prefix": "",
            "owner_id": "555065207695",
            "revoke_rules_on_delete": false,
            "tags": {
              "Name": "dev-globo-web-app-ec2-sg",
              "Terraform": "true",
              "billing_code": "ACCT8675309",
              "company": "Globomantics",
              "project": "Globomantics-globo-web-app"
            },
            "tags_all": {
              "Name": "dev-globo-web-app-ec2-sg",
              "Terraform": "true",
              "billing_code": "ACCT8675309",
              "company": "Globomantics",
              "project": "Globomantics-globo-web-app"
            },
            "timeouts": null,
            "vpc_id": "vpc-0ff3a0407268b6374"
          },
          "sensitive_attributes": [],
          "private": "eyJlMmJmYjczMC1lY2FhLTExZTYtOGY4OC0zNDM2M2JjN2M0YzAiOnsiY3JlYXRlIjo2MDAwMDAwMDAwMDAsImRlbGV0ZSI6OTAwMDAwMDAwMDAwfSwic2NoZW1hX3ZlcnNpb24iOiIxIn0=",
          "dependencies": [
            "module.vpc.aws_vpc.this"
          ]
        }
      ]
    },
    {
      "mode": "managed",
      "type": "random_integer",
      "name": "rand",
      "provider": "provider[\"registry.terraform.io/hashicorp/random\"]",
      "instances": [
        {
          "schema_version": 0,
          "attributes": {
            "id": "80255",
            "keepers": null,
            "max": 99999,
            "min": 10000,
            "result": 80255,
            "seed": null
          },
          "sensitive_attributes": []
        }
      ]
    },
    {
      "module": "module.s3",
      "mode": "data",
      "type": "aws_iam_policy_document",
      "name": "allow_elb_write_access_logs",
      "provider": "provider[\"registry.terraform.io/hashicorp/aws\"]",
      "instances": [
        {
          "schema_version": 0,
          "attributes": {
            "id": "593553320",
            "json": "{\n  \"Version\": \"2012-10-17\",\n  \"Statement\": [\n    {\n      \"Effect\": \"Allow\",\n      \"Action\": \"s3:PutObject\",\n      \"Resource\": \"arn:aws:s3:::dev-globo-web-app-80255/lb-logs/*\",\n      \"Principal\": {\n        \"AWS\": \"arn:aws:iam::127311923021:root\"\n      }\n    }\n  ]\n}",
            "override_policy_documents": null,
            "policy_id": null,
            "source_policy_documents": null,
            "statement": [
              {
                "actions": [
                  "s3:PutObject"
                ],
                "condition": [],
                "effect": "Allow",
                "not_actions": [],
                "not_principals": [],
                "not_resources": [],
                "principals": [
                  {
                    "identifiers": [
                      "arn:aws:iam::127311923021:root"
                    ],
                    "type": "AWS"
                  }
                ],
                "resources": [
                  "arn:aws:s3:::dev-globo-web-app-80255/lb-logs/*"
                ],
                "sid": ""
              }
            ],
            "version": "2012-10-17"
          },
          "sensitive_attributes": []
        }
      ]
    },
    {
      "module": "module.s3",
      "mode": "managed",
      "type": "aws_iam_instance_profile",
      "name": "ec2_read_s3_profile",
      "provider": "provider[\"registry.terraform.io/hashicorp/aws\"]",
      "instances": [
        {
          "schema_version": 0,
          "attributes": {
            "arn": "arn:aws:iam::555065207695:instance-profile/dev-globo-web-app-80255-ec2_read_s3_profile",
            "create_date": "2023-08-02T08:26:47Z",
            "id": "dev-globo-web-app-80255-ec2_read_s3_profile",
            "name": "dev-globo-web-app-80255-ec2_read_s3_profile",
            "name_prefix": "",
            "path": "/",
            "role": "dev-globo-web-app-80255-ec2_read_s3_role",
            "tags": {
              "Name": "dev-globo-web-app-bucket",
              "Terraform": "true",
              "billing_code": "ACCT8675309",
              "company": "Globomantics",
              "project": "Globomantics-globo-web-app"
            },
            "tags_all": {
              "Name": "dev-globo-web-app-bucket",
              "Terraform": "true",
              "billing_code": "ACCT8675309",
              "company": "Globomantics",
              "project": "Globomantics-globo-web-app"
            },
            "unique_id": "AIPAYCPDW5OHUL4WTSATW"
          },
          "sensitive_attributes": [],
          "private": "bnVsbA==",
          "dependencies": [
            "module.s3.aws_iam_role.ec2_read_s3_role",
            "random_integer.rand"
          ]
        }
      ]
    },
    {
      "module": "module.s3",
      "mode": "managed",
      "type": "aws_iam_role",
      "name": "ec2_read_s3_role",
      "provider": "provider[\"registry.terraform.io/hashicorp/aws\"]",
      "instances": [
        {
          "schema_version": 0,
          "attributes": {
            "arn": "arn:aws:iam::555065207695:role/dev-globo-web-app-80255-ec2_read_s3_role",
            "assume_role_policy": "{\"Statement\":[{\"Action\":\"sts:AssumeRole\",\"Effect\":\"Allow\",\"Principal\":{\"Service\":\"ec2.amazonaws.com\"},\"Sid\":\"\"}],\"Version\":\"2012-10-17\"}",
            "create_date": "2023-08-02T08:26:46Z",
            "description": "",
            "force_detach_policies": false,
            "id": "dev-globo-web-app-80255-ec2_read_s3_role",
            "inline_policy": [],
            "managed_policy_arns": [],
            "max_session_duration": 3600,
            "name": "dev-globo-web-app-80255-ec2_read_s3_role",
            "name_prefix": "",
            "path": "/",
            "permissions_boundary": null,
            "tags": {
              "Name": "dev-globo-web-app-bucket",
              "Terraform": "true",
              "billing_code": "ACCT8675309",
              "company": "Globomantics",
              "project": "Globomantics-globo-web-app"
            },
            "tags_all": {
              "Name": "dev-globo-web-app-bucket",
              "Terraform": "true",
              "billing_code": "ACCT8675309",
              "company": "Globomantics",
              "project": "Globomantics-globo-web-app"
            },
            "unique_id": "AROAYCPDW5OH4VOWWSYR2"
          },
          "sensitive_attributes": [],
          "private": "bnVsbA==",
          "dependencies": [
            "random_integer.rand"
          ]
        }
      ]
    },
    {
      "module": "module.s3",
      "mode": "managed",
      "type": "aws_iam_role_policy",
      "name": "read_s3_policy",
      "provider": "provider[\"registry.terraform.io/hashicorp/aws\"]",
      "instances": [
        {
          "schema_version": 0,
          "attributes": {
            "id": "dev-globo-web-app-80255-ec2_read_s3_role:dev-globo-web-app-80255-read_s3_policy",
            "name": "dev-globo-web-app-80255-read_s3_policy",
            "name_prefix": null,
            "policy": "{\"Version\":\"2012-10-17\",\"Statement\":[{\"Action\":[\"s3:GetObject\"],\"Effect\":\"Allow\",\"Resource\":[\"arn:aws:s3:::dev-globo-web-app-80255\",\"arn:aws:s3:::dev-globo-web-app-80255/*\"]}]}",
            "role": "dev-globo-web-app-80255-ec2_read_s3_role"
          },
          "sensitive_attributes": [],
          "private": "bnVsbA==",
          "dependencies": [
            "module.s3.aws_iam_role.ec2_read_s3_role",
            "random_integer.rand"
          ]
        }
      ]
    },
    {
      "module": "module.s3",
      "mode": "managed",
      "type": "aws_s3_bucket",
      "name": "website_bucket",
      "provider": "provider[\"registry.terraform.io/hashicorp/aws\"]",
      "instances": [
        {
          "schema_version": 0,
          "attributes": {
            "acceleration_status": "",
            "acl": null,
            "arn": "arn:aws:s3:::dev-globo-web-app-80255",
            "bucket": "dev-globo-web-app-80255",
            "bucket_domain_name": "dev-globo-web-app-80255.s3.amazonaws.com",
            "bucket_prefix": "",
            "bucket_regional_domain_name": "dev-globo-web-app-80255.s3.us-east-1.amazonaws.com",
            "cors_rule": [],
            "force_destroy": true,
            "grant": [
              {
                "id": "0bde1ae986789de2a9f93b4a0d6b213bf1b2b6d76656a92ac2532664eef70511",
                "permissions": [
                  "FULL_CONTROL"
                ],
                "type": "CanonicalUser",
                "uri": ""
              }
            ],
            "hosted_zone_id": "Z3AQBSTGFYJSTF",
            "id": "dev-globo-web-app-80255",
            "lifecycle_rule": [],
            "logging": [],
            "object_lock_configuration": [],
            "object_lock_enabled": false,
            "policy": "",
            "region": "us-east-1",
            "replication_configuration": [],
            "request_payer": "BucketOwner",
            "server_side_encryption_configuration": [
              {
                "rule": [
                  {
                    "apply_server_side_encryption_by_default": [
                      {
                        "kms_master_key_id": "",
                        "sse_algorithm": "AES256"
                      }
                    ],
                    "bucket_key_enabled": false
                  }
                ]
              }
            ],
            "tags": {
              "Name": "dev-globo-web-app-bucket",
              "Terraform": "true",
              "billing_code": "ACCT8675309",
              "company": "Globomantics",
              "project": "Globomantics-globo-web-app"
            },
            "tags_all": {
              "Name": "dev-globo-web-app-bucket",
              "Terraform": "true",
              "billing_code": "ACCT8675309",
              "company": "Globomantics",
              "project": "Globomantics-globo-web-app"
            },
            "timeouts": null,
            "versioning": [
              {
                "enabled": false,
                "mfa_delete": false
              }
            ],
            "website": [],
            "website_domain": null,
            "website_endpoint": null
          },
          "sensitive_attributes": [],
          "private": "eyJlMmJmYjczMC1lY2FhLTExZTYtOGY4OC0zNDM2M2JjN2M0YzAiOnsiY3JlYXRlIjoxMjAwMDAwMDAwMDAwLCJkZWxldGUiOjM2MDAwMDAwMDAwMDAsInJlYWQiOjEyMDAwMDAwMDAwMDAsInVwZGF0ZSI6MTIwMDAwMDAwMDAwMH19",
          "dependencies": [
            "random_integer.rand"
          ]
        }
      ]
    },
    {
      "module": "module.s3",
      "mode": "managed",
      "type": "aws_s3_bucket_policy",
      "name": "allow_elb_write_access_logs",
      "provider": "provider[\"registry.terraform.io/hashicorp/aws\"]",
      "instances": [
        {
          "schema_version": 0,
          "attributes": {
            "bucket": "dev-globo-web-app-80255",
            "id": "dev-globo-web-app-80255",
            "policy": "{\"Statement\":[{\"Action\":\"s3:PutObject\",\"Effect\":\"Allow\",\"Principal\":{\"AWS\":\"arn:aws:iam::127311923021:root\"},\"Resource\":\"arn:aws:s3:::dev-globo-web-app-80255/lb-logs/*\"}],\"Version\":\"2012-10-17\"}"
          },
          "sensitive_attributes": [],
          "private": "bnVsbA==",
          "dependencies": [
            "data.aws_elb_service_account.main",
            "module.s3.aws_s3_bucket.website_bucket",
            "module.s3.data.aws_iam_policy_document.allow_elb_write_access_logs",
            "random_integer.rand"
          ]
        }
      ]
    },
    {
      "module": "module.vpc",
      "mode": "managed",
      "type": "aws_default_network_acl",
      "name": "this",
      "provider": "provider[\"registry.terraform.io/hashicorp/aws\"]",
      "instances": [
        {
          "index_key": 0,
          "schema_version": 0,
          "attributes": {
            "arn": "arn:aws:ec2:us-east-1:555065207695:network-acl/acl-03b6b126b8ade331f",
            "default_network_acl_id": "acl-03b6b126b8ade331f",
            "egress": [
              {
                "action": "allow",
                "cidr_block": "",
                "from_port": 0,
                "icmp_code": null,
                "icmp_type": null,
                "ipv6_cidr_block": "::/0",
                "protocol": "-1",
                "rule_no": 101,
                "to_port": 0
              },
              {
                "action": "allow",
                "cidr_block": "0.0.0.0/0",
                "from_port": 0,
                "icmp_code": null,
                "icmp_type": null,
                "ipv6_cidr_block": "",
                "protocol": "-1",
                "rule_no": 100,
                "to_port": 0
              }
            ],
            "id": "acl-03b6b126b8ade331f",
            "ingress": [
              {
                "action": "allow",
                "cidr_block": "",
                "from_port": 0,
                "icmp_code": null,
                "icmp_type": null,
                "ipv6_cidr_block": "::/0",
                "protocol": "-1",
                "rule_no": 101,
                "to_port": 0
              },
              {
                "action": "allow",
                "cidr_block": "0.0.0.0/0",
                "from_port": 0,
                "icmp_code": null,
                "icmp_type": null,
                "ipv6_cidr_block": "",
                "protocol": "-1",
                "rule_no": 100,
                "to_port": 0
              }
            ],
            "owner_id": "555065207695",
            "subnet_ids": [
              "subnet-0c8863143088e7f11",
              "subnet-0cde5f2f7e2945016"
            ],
            "tags": {
              "Name": "dev-globo-web-app-vpc",
              "Terraform": "true",
              "billing_code": "ACCT8675309",
              "company": "Globomantics",
              "project": "Globomantics-globo-web-app"
            },
            "tags_all": {
              "Name": "dev-globo-web-app-vpc",
              "Terraform": "true",
              "billing_code": "ACCT8675309",
              "company": "Globomantics",
              "project": "Globomantics-globo-web-app"
            },
            "vpc_id": "vpc-0ff3a0407268b6374"
          },
          "sensitive_attributes": [],
          "private": "bnVsbA==",
          "dependencies": [
            "module.vpc.aws_vpc.this"
          ]
        }
      ]
    },
    {
      "module": "module.vpc",
      "mode": "managed",
      "type": "aws_default_route_table",
      "name": "default",
      "provider": "provider[\"registry.terraform.io/hashicorp/aws\"]",
      "instances": [
        {
          "index_key": 0,
          "schema_version": 0,
          "attributes": {
            "arn": "arn:aws:ec2:us-east-1:555065207695:route-table/rtb-06d04b07fb8c36f30",
            "default_route_table_id": "rtb-06d04b07fb8c36f30",
            "id": "rtb-06d04b07fb8c36f30",
            "owner_id": "555065207695",
            "propagating_vgws": null,
            "route": [],
            "tags": {
              "Name": "dev-globo-web-app-vpc",
              "Terraform": "true",
              "billing_code": "ACCT8675309",
              "company": "Globomantics",
              "project": "Globomantics-globo-web-app"
            },
            "tags_all": {
              "Name": "dev-globo-web-app-vpc",
              "Terraform": "true",
              "billing_code": "ACCT8675309",
              "company": "Globomantics",
              "project": "Globomantics-globo-web-app"
            },
            "timeouts": {
              "create": "5m",
              "update": "5m"
            },
            "vpc_id": "vpc-0ff3a0407268b6374"
          },
          "sensitive_attributes": [],
          "private": "eyJlMmJmYjczMC1lY2FhLTExZTYtOGY4OC0zNDM2M2JjN2M0YzAiOnsiY3JlYXRlIjozMDAwMDAwMDAwMDAsInVwZGF0ZSI6MzAwMDAwMDAwMDAwfX0=",
          "dependencies": [
            "module.vpc.aws_vpc.this"
          ]
        }
      ]
    },
    {
      "module": "module.vpc",
      "mode": "managed",
      "type": "aws_default_security_group",
      "name": "this",
      "provider": "provider[\"registry.terraform.io/hashicorp/aws\"]",
      "instances": [
        {
          "index_key": 0,
          "schema_version": 1,
          "attributes": {
            "arn": "arn:aws:ec2:us-east-1:555065207695:security-group/sg-09b5467dbf225eac1",
            "description": "default VPC security group",
            "egress": [],
            "id": "sg-09b5467dbf225eac1",
            "ingress": [],
            "name": "default",
            "name_prefix": "",
            "owner_id": "555065207695",
            "revoke_rules_on_delete": false,
            "tags": {
              "Name": "dev-globo-web-app-vpc",
              "Terraform": "true",
              "billing_code": "ACCT8675309",
              "company": "Globomantics",
              "project": "Globomantics-globo-web-app"
            },
            "tags_all": {
              "Name": "dev-globo-web-app-vpc",
              "Terraform": "true",
              "billing_code": "ACCT8675309",
              "company": "Globomantics",
              "project": "Globomantics-globo-web-app"
            },
            "vpc_id": "vpc-0ff3a0407268b6374"
          },
          "sensitive_attributes": [],
          "private": "eyJzY2hlbWFfdmVyc2lvbiI6IjEifQ==",
          "dependencies": [
            "module.vpc.aws_vpc.this"
          ]
        }
      ]
    },
    {
      "module": "module.vpc",
      "mode": "managed",
      "type": "aws_internet_gateway",
      "name": "this",
      "provider": "provider[\"registry.terraform.io/hashicorp/aws\"]",
      "instances": [
        {
          "index_key": 0,
          "schema_version": 0,
          "attributes": {
            "arn": "arn:aws:ec2:us-east-1:555065207695:internet-gateway/igw-0dbb7dc4de090e333",
            "id": "igw-0dbb7dc4de090e333",
            "owner_id": "555065207695",
            "tags": {
              "Name": "dev-globo-web-app-vpc",
              "Terraform": "true",
              "billing_code": "ACCT8675309",
              "company": "Globomantics",
              "project": "Globomantics-globo-web-app"
            },
            "tags_all": {
              "Name": "dev-globo-web-app-vpc",
              "Terraform": "true",
              "billing_code": "ACCT8675309",
              "company": "Globomantics",
              "project": "Globomantics-globo-web-app"
            },
            "timeouts": null,
            "vpc_id": "vpc-0ff3a0407268b6374"
          },
          "sensitive_attributes": [],
          "private": "eyJlMmJmYjczMC1lY2FhLTExZTYtOGY4OC0zNDM2M2JjN2M0YzAiOnsiY3JlYXRlIjoxMjAwMDAwMDAwMDAwLCJkZWxldGUiOjEyMDAwMDAwMDAwMDAsInVwZGF0ZSI6MTIwMDAwMDAwMDAwMH19",
          "dependencies": [
            "module.vpc.aws_vpc.this",
            "module.vpc.aws_vpc_ipv4_cidr_block_association.this"
          ]
        }
      ]
    },
    {
      "module": "module.vpc",
      "mode": "managed",
      "type": "aws_route",
      "name": "public_internet_gateway",
      "provider": "provider[\"registry.terraform.io/hashicorp/aws\"]",
      "instances": [
        {
          "index_key": 0,
          "schema_version": 0,
          "attributes": {
            "carrier_gateway_id": "",
            "core_network_arn": "",
            "destination_cidr_block": "0.0.0.0/0",
            "destination_ipv6_cidr_block": "",
            "destination_prefix_list_id": "",
            "egress_only_gateway_id": "",
            "gateway_id": "igw-0dbb7dc4de090e333",
            "id": "r-rtb-07df7a23c9ec0512b1080289494",
            "instance_id": "",
            "instance_owner_id": "",
            "local_gateway_id": "",
            "nat_gateway_id": "",
            "network_interface_id": "",
            "origin": "CreateRoute",
            "route_table_id": "rtb-07df7a23c9ec0512b",
            "state": "active",
            "timeouts": {
              "create": "5m",
              "delete": null,
              "update": null
            },
            "transit_gateway_id": "",
            "vpc_endpoint_id": "",
            "vpc_peering_connection_id": ""
          },
          "sensitive_attributes": [],
          "private": "eyJlMmJmYjczMC1lY2FhLTExZTYtOGY4OC0zNDM2M2JjN2M0YzAiOnsiY3JlYXRlIjozMDAwMDAwMDAwMDAsImRlbGV0ZSI6MzAwMDAwMDAwMDAwLCJ1cGRhdGUiOjEyMDAwMDAwMDAwMH19",
          "dependencies": [
            "module.vpc.aws_internet_gateway.this",
            "module.vpc.aws_route_table.public",
            "module.vpc.aws_vpc.this",
            "module.vpc.aws_vpc_ipv4_cidr_block_association.this"
          ]
        }
      ]
    },
    {
      "module": "module.vpc",
      "mode": "managed",
      "type": "aws_route_table",
      "name": "public",
      "provider": "provider[\"registry.terraform.io/hashicorp/aws\"]",
      "instances": [
        {
          "index_key": 0,
          "schema_version": 0,
          "attributes": {
            "arn": "arn:aws:ec2:us-east-1:555065207695:route-table/rtb-07df7a23c9ec0512b",
            "id": "rtb-07df7a23c9ec0512b",
            "owner_id": "555065207695",
            "propagating_vgws": [],
            "route": [],
            "tags": {
              "Name": "dev-globo-web-app-vpc",
              "Terraform": "true",
              "billing_code": "ACCT8675309",
              "company": "Globomantics",
              "project": "Globomantics-globo-web-app"
            },
            "tags_all": {
              "Name": "dev-globo-web-app-vpc",
              "Terraform": "true",
              "billing_code": "ACCT8675309",
              "company": "Globomantics",
              "project": "Globomantics-globo-web-app"
            },
            "timeouts": null,
            "vpc_id": "vpc-0ff3a0407268b6374"
          },
          "sensitive_attributes": [],
          "private": "eyJlMmJmYjczMC1lY2FhLTExZTYtOGY4OC0zNDM2M2JjN2M0YzAiOnsiY3JlYXRlIjozMDAwMDAwMDAwMDAsImRlbGV0ZSI6MzAwMDAwMDAwMDAwLCJ1cGRhdGUiOjEyMDAwMDAwMDAwMH19",
          "dependencies": [
            "module.vpc.aws_vpc.this",
            "module.vpc.aws_vpc_ipv4_cidr_block_association.this"
          ]
        }
      ]
    },
    {
      "module": "module.vpc",
      "mode": "managed",
      "type": "aws_route_table_association",
      "name": "public",
      "provider": "provider[\"registry.terraform.io/hashicorp/aws\"]",
      "instances": [
        {
          "index_key": 0,
          "schema_version": 0,
          "attributes": {
            "gateway_id": "",
            "id": "rtbassoc-0b38c280e390dad90",
            "route_table_id": "rtb-07df7a23c9ec0512b",
            "subnet_id": "subnet-0c8863143088e7f11",
            "timeouts": null
          },
          "sensitive_attributes": [],
          "private": "eyJlMmJmYjczMC1lY2FhLTExZTYtOGY4OC0zNDM2M2JjN2M0YzAiOnsiY3JlYXRlIjozMDAwMDAwMDAwMDAsImRlbGV0ZSI6MzAwMDAwMDAwMDAwLCJ1cGRhdGUiOjEyMDAwMDAwMDAwMH19",
          "dependencies": [
            "data.aws_availability_zones.available",
            "module.vpc.aws_route_table.public",
            "module.vpc.aws_subnet.public",
            "module.vpc.aws_vpc.this",
            "module.vpc.aws_vpc_ipv4_cidr_block_association.this"
          ]
        },
        {
          "index_key": 1,
          "schema_version": 0,
          "attributes": {
            "gateway_id": "",
            "id": "rtbassoc-023aeb73e81acaeb2",
            "route_table_id": "rtb-07df7a23c9ec0512b",
            "subnet_id": "subnet-0cde5f2f7e2945016",
            "timeouts": null
          },
          "sensitive_attributes": [],
          "private": "eyJlMmJmYjczMC1lY2FhLTExZTYtOGY4OC0zNDM2M2JjN2M0YzAiOnsiY3JlYXRlIjozMDAwMDAwMDAwMDAsImRlbGV0ZSI6MzAwMDAwMDAwMDAwLCJ1cGRhdGUiOjEyMDAwMDAwMDAwMH19",
          "dependencies": [
            "data.aws_availability_zones.available",
            "module.vpc.aws_route_table.public",
            "module.vpc.aws_subnet.public",
            "module.vpc.aws_vpc.this",
            "module.vpc.aws_vpc_ipv4_cidr_block_association.this"
          ]
        }
      ]
    },
    {
      "module": "module.vpc",
      "mode": "managed",
      "type": "aws_subnet",
      "name": "public",
      "provider": "provider[\"registry.terraform.io/hashicorp/aws\"]",
      "instances": [
        {
          "index_key": 0,
          "schema_version": 1,
          "attributes": {
            "arn": "arn:aws:ec2:us-east-1:555065207695:subnet/subnet-0c8863143088e7f11",
            "assign_ipv6_address_on_creation": false,
            "availability_zone": "us-east-1a",
            "availability_zone_id": "use1-az4",
            "cidr_block": "10.0.0.0/24",
            "customer_owned_ipv4_pool": "",
            "enable_dns64": false,
            "enable_lni_at_device_index": 0,
            "enable_resource_name_dns_a_record_on_launch": false,
            "enable_resource_name_dns_aaaa_record_on_launch": false,
            "id": "subnet-0c8863143088e7f11",
            "ipv6_cidr_block": "",
            "ipv6_cidr_block_association_id": "",
            "ipv6_native": false,
            "map_customer_owned_ip_on_launch": false,
            "map_public_ip_on_launch": true,
            "outpost_arn": "",
            "owner_id": "555065207695",
            "private_dns_hostname_type_on_launch": "ip-name",
            "tags": {
              "Name": "dev-globo-web-app-vpc",
              "Terraform": "true",
              "billing_code": "ACCT8675309",
              "company": "Globomantics",
              "project": "Globomantics-globo-web-app"
            },
            "tags_all": {
              "Name": "dev-globo-web-app-vpc",
              "Terraform": "true",
              "billing_code": "ACCT8675309",
              "company": "Globomantics",
              "project": "Globomantics-globo-web-app"
            },
            "timeouts": null,
            "vpc_id": "vpc-0ff3a0407268b6374"
          },
          "sensitive_attributes": [],
          "private": "eyJlMmJmYjczMC1lY2FhLTExZTYtOGY4OC0zNDM2M2JjN2M0YzAiOnsiY3JlYXRlIjo2MDAwMDAwMDAwMDAsImRlbGV0ZSI6MTIwMDAwMDAwMDAwMH0sInNjaGVtYV92ZXJzaW9uIjoiMSJ9",
          "dependencies": [
            "data.aws_availability_zones.available",
            "module.vpc.aws_vpc.this",
            "module.vpc.aws_vpc_ipv4_cidr_block_association.this"
          ]
        },
        {
          "index_key": 1,
          "schema_version": 1,
          "attributes": {
            "arn": "arn:aws:ec2:us-east-1:555065207695:subnet/subnet-0cde5f2f7e2945016",
            "assign_ipv6_address_on_creation": false,
            "availability_zone": "us-east-1b",
            "availability_zone_id": "use1-az6",
            "cidr_block": "10.0.1.0/24",
            "customer_owned_ipv4_pool": "",
            "enable_dns64": false,
            "enable_lni_at_device_index": 0,
            "enable_resource_name_dns_a_record_on_launch": false,
            "enable_resource_name_dns_aaaa_record_on_launch": false,
            "id": "subnet-0cde5f2f7e2945016",
            "ipv6_cidr_block": "",
            "ipv6_cidr_block_association_id": "",
            "ipv6_native": false,
            "map_customer_owned_ip_on_launch": false,
            "map_public_ip_on_launch": true,
            "outpost_arn": "",
            "owner_id": "555065207695",
            "private_dns_hostname_type_on_launch": "ip-name",
            "tags": {
              "Name": "dev-globo-web-app-vpc",
              "Terraform": "true",
              "billing_code": "ACCT8675309",
              "company": "Globomantics",
              "project": "Globomantics-globo-web-app"
            },
            "tags_all": {
              "Name": "dev-globo-web-app-vpc",
              "Terraform": "true",
              "billing_code": "ACCT8675309",
              "company": "Globomantics",
              "project": "Globomantics-globo-web-app"
            },
            "timeouts": null,
            "vpc_id": "vpc-0ff3a0407268b6374"
          },
          "sensitive_attributes": [],
          "private": "eyJlMmJmYjczMC1lY2FhLTExZTYtOGY4OC0zNDM2M2JjN2M0YzAiOnsiY3JlYXRlIjo2MDAwMDAwMDAwMDAsImRlbGV0ZSI6MTIwMDAwMDAwMDAwMH0sInNjaGVtYV92ZXJzaW9uIjoiMSJ9",
          "dependencies": [
            "data.aws_availability_zones.available",
            "module.vpc.aws_vpc.this",
            "module.vpc.aws_vpc_ipv4_cidr_block_association.this"
          ]
        }
      ]
    },
    {
      "module": "module.vpc",
      "mode": "managed",
      "type": "aws_vpc",
      "name": "this",
      "provider": "provider[\"registry.terraform.io/hashicorp/aws\"]",
      "instances": [
        {
          "index_key": 0,
          "schema_version": 1,
          "attributes": {
            "arn": "arn:aws:ec2:us-east-1:555065207695:vpc/vpc-0ff3a0407268b6374",
            "assign_generated_ipv6_cidr_block": false,
            "cidr_block": "10.0.0.0/16",
            "default_network_acl_id": "acl-03b6b126b8ade331f",
            "default_route_table_id": "rtb-06d04b07fb8c36f30",
            "default_security_group_id": "sg-09b5467dbf225eac1",
            "dhcp_options_id": "dopt-0aad078b2c96e0168",
            "enable_dns_hostnames": true,
            "enable_dns_support": true,
            "enable_network_address_usage_metrics": false,
            "id": "vpc-0ff3a0407268b6374",
            "instance_tenancy": "default",
            "ipv4_ipam_pool_id": null,
            "ipv4_netmask_length": null,
            "ipv6_association_id": "",
            "ipv6_cidr_block": "",
            "ipv6_cidr_block_network_border_group": "",
            "ipv6_ipam_pool_id": "",
            "ipv6_netmask_length": 0,
            "main_route_table_id": "rtb-06d04b07fb8c36f30",
            "owner_id": "555065207695",
            "tags": {
              "Name": "dev-globo-web-app-vpc",
              "Terraform": "true",
              "billing_code": "ACCT8675309",
              "company": "Globomantics",
              "project": "Globomantics-globo-web-app"
            },
            "tags_all": {
              "Name": "dev-globo-web-app-vpc",
              "Terraform": "true",
              "billing_code": "ACCT8675309",
              "company": "Globomantics",
              "project": "Globomantics-globo-web-app"
            }
          },
          "sensitive_attributes": [],
          "private": "eyJzY2hlbWFfdmVyc2lvbiI6IjEifQ=="
        }
      ]
    }
  ],
  "check_results": null
}
