{
  "version": 4,
  "terraform_version": "1.5.0",
  "serial": 87,
  "lineage": "947a020b-661b-13fb-6860-1dd163192ab8",
  "outputs": {
    "public_dns_hostname": {
      "value": "tf-lb-20230727073459783800000001-460554531.us-east-1.elb.amazonaws.com",
      "type": "string"
    }
  },
  "resources": [
    {
      "mode": "data",
      "type": "aws_availability_zones",
      "name": "available",
      "provider": "provider[\"registry.terraform.io/hashicorp/aws\"]",
      "instances": [
        {
          "schema_version": 0,
          "attributes": {
            "all_availability_zones": null,
            "exclude_names": null,
            "exclude_zone_ids": null,
            "filter": null,
            "group_names": [
              "us-east-1"
            ],
            "id": "us-east-1",
            "names": [
              "us-east-1a",
              "us-east-1b",
              "us-east-1c",
              "us-east-1d",
              "us-east-1e",
              "us-east-1f"
            ],
            "state": "available",
            "timeouts": null,
            "zone_ids": [
              "use1-az4",
              "use1-az6",
              "use1-az1",
              "use1-az2",
              "use1-az3",
              "use1-az5"
            ]
          },
          "sensitive_attributes": []
        }
      ]
    },
    {
      "mode": "data",
      "type": "aws_elb_service_account",
      "name": "main",
      "provider": "provider[\"registry.terraform.io/hashicorp/aws\"]",
      "instances": [
        {
          "schema_version": 0,
          "attributes": {
            "arn": "arn:aws:iam::127311923021:root",
            "id": "127311923021",
            "region": null
          },
          "sensitive_attributes": []
        }
      ]
    },
    {
      "mode": "data",
      "type": "aws_iam_policy_document",
      "name": "allow_elb_write_access_logs",
      "provider": "provider[\"registry.terraform.io/hashicorp/aws\"]",
      "instances": [
        {
          "schema_version": 0,
          "attributes": {
            "id": "1992291722",
            "json": "{\n  \"Version\": \"2012-10-17\",\n  \"Statement\": [\n    {\n      \"Effect\": \"Allow\",\n      \"Action\": \"s3:PutObject\",\n      \"Resource\": \"arn:aws:s3:::globo-web-app-48943/lb-logs/*\",\n      \"Principal\": {\n        \"AWS\": \"arn:aws:iam::127311923021:root\"\n      }\n    }\n  ]\n}",
            "override_policy_documents": null,
            "policy_id": null,
            "source_policy_documents": null,
            "statement": [
              {
                "actions": [
                  "s3:PutObject"
                ],
                "condition": [],
                "effect": "Allow",
                "not_actions": [],
                "not_principals": [],
                "not_resources": [],
                "principals": [
                  {
                    "identifiers": [
                      "arn:aws:iam::127311923021:root"
                    ],
                    "type": "AWS"
                  }
                ],
                "resources": [
                  "arn:aws:s3:::globo-web-app-48943/lb-logs/*"
                ],
                "sid": ""
              }
            ],
            "version": "2012-10-17"
          },
          "sensitive_attributes": []
        }
      ]
    },
    {
      "mode": "data",
      "type": "aws_ssm_parameter",
      "name": "amzn2_linux",
      "provider": "provider[\"registry.terraform.io/hashicorp/aws\"]",
      "instances": [
        {
          "schema_version": 0,
          "attributes": {
            "arn": "arn:aws:ssm:us-east-1::parameter/aws/service/ami-amazon-linux-latest/amzn2-ami-hvm-x86_64-gp2",
            "id": "/aws/service/ami-amazon-linux-latest/amzn2-ami-hvm-x86_64-gp2",
            "name": "/aws/service/ami-amazon-linux-latest/amzn2-ami-hvm-x86_64-gp2",
            "type": "String",
            "value": "ami-0476f2ee0a10d89bc",
            "version": 91,
            "with_decryption": true
          },
          "sensitive_attributes": []
        }
      ]
    },
    {
      "mode": "managed",
      "type": "aws_iam_instance_profile",
      "name": "ec2_read_s3_profile",
      "provider": "provider[\"registry.terraform.io/hashicorp/aws\"]",
      "instances": [
        {
          "schema_version": 0,
          "attributes": {
            "arn": "arn:aws:iam::555065207695:instance-profile/ec2_read_s3_profile",
            "create_date": "2023-07-27T07:20:55Z",
            "id": "ec2_read_s3_profile",
            "name": "ec2_read_s3_profile",
            "name_prefix": "",
            "path": "/",
            "role": "ec2_read_s3_role",
            "tags": {
              "Name": "Terraform Practice",
              "billing_code": "ACCT8675309",
              "company": "Globomantics",
              "project": "Globomantics-globo-web-app"
            },
            "tags_all": {
              "Name": "Terraform Practice",
              "billing_code": "ACCT8675309",
              "company": "Globomantics",
              "project": "Globomantics-globo-web-app"
            },
            "unique_id": "AIPAYCPDW5OHVORMH2ZX7"
          },
          "sensitive_attributes": [],
          "private": "bnVsbA==",
          "dependencies": [
            "aws_iam_role.ec2_read_s3_role"
          ]
        }
      ]
    },
    {
      "mode": "managed",
      "type": "aws_iam_role",
      "name": "ec2_read_s3_role",
      "provider": "provider[\"registry.terraform.io/hashicorp/aws\"]",
      "instances": [
        {
          "schema_version": 0,
          "attributes": {
            "arn": "arn:aws:iam::555065207695:role/ec2_read_s3_role",
            "assume_role_policy": "{\"Statement\":[{\"Action\":\"sts:AssumeRole\",\"Effect\":\"Allow\",\"Principal\":{\"Service\":\"ec2.amazonaws.com\"},\"Sid\":\"\"}],\"Version\":\"2012-10-17\"}",
            "create_date": "2023-07-27T07:20:54Z",
            "description": "",
            "force_detach_policies": false,
            "id": "ec2_read_s3_role",
            "inline_policy": [
              {
                "name": "read_s3_policy",
                "policy": "{\"Version\":\"2012-10-17\",\"Statement\":[{\"Action\":[\"s3:GetObject\"],\"Effect\":\"Allow\",\"Resource\":[\"arn:aws:s3:::globo-web-app-48943\",\"arn:aws:s3:::globo-web-app-48943/*\"]}]}"
              }
            ],
            "managed_policy_arns": [],
            "max_session_duration": 3600,
            "name": "ec2_read_s3_role",
            "name_prefix": "",
            "path": "/",
            "permissions_boundary": null,
            "tags": {
              "Name": "Terraform Practice",
              "billing_code": "ACCT8675309",
              "company": "Globomantics",
              "project": "Globomantics-globo-web-app"
            },
            "tags_all": {
              "Name": "Terraform Practice",
              "billing_code": "ACCT8675309",
              "company": "Globomantics",
              "project": "Globomantics-globo-web-app"
            },
            "unique_id": "AROAYCPDW5OHX7UEZKULJ"
          },
          "sensitive_attributes": [],
          "private": "bnVsbA=="
        }
      ]
    },
    {
      "mode": "managed",
      "type": "aws_iam_role_policy",
      "name": "read_s3_policy",
      "provider": "provider[\"registry.terraform.io/hashicorp/aws\"]",
      "instances": [
        {
          "schema_version": 0,
          "attributes": {
            "id": "ec2_read_s3_role:read_s3_policy",
            "name": "read_s3_policy",
            "name_prefix": null,
            "policy": "{\"Version\":\"2012-10-17\",\"Statement\":[{\"Action\":[\"s3:GetObject\"],\"Effect\":\"Allow\",\"Resource\":[\"arn:aws:s3:::globo-web-app-48943\",\"arn:aws:s3:::globo-web-app-48943/*\"]}]}",
            "role": "ec2_read_s3_role"
          },
          "sensitive_attributes": [],
          "private": "bnVsbA==",
          "dependencies": [
            "aws_iam_role.ec2_read_s3_role",
            "random_integer.rand"
          ]
        }
      ]
    },
    {
      "mode": "managed",
      "type": "aws_instance",
      "name": "nginx1",
      "provider": "provider[\"registry.terraform.io/hashicorp/aws\"]",
      "instances": [
        {
          "schema_version": 1,
          "attributes": {
            "ami": "ami-0476f2ee0a10d89bc",
            "arn": "arn:aws:ec2:us-east-1:555065207695:instance/i-0a57aceeca82e4265",
            "associate_public_ip_address": true,
            "availability_zone": "us-east-1a",
            "capacity_reservation_specification": [
              {
                "capacity_reservation_preference": "open",
                "capacity_reservation_target": []
              }
            ],
            "cpu_core_count": 1,
            "cpu_options": [
              {
                "amd_sev_snp": "",
                "core_count": 1,
                "threads_per_core": 1
              }
            ],
            "cpu_threads_per_core": 1,
            "credit_specification": [
              {
                "cpu_credits": "standard"
              }
            ],
            "disable_api_stop": false,
            "disable_api_termination": false,
            "ebs_block_device": [],
            "ebs_optimized": false,
            "enclave_options": [
              {
                "enabled": false
              }
            ],
            "ephemeral_block_device": [],
            "get_password_data": false,
            "hibernation": false,
            "host_id": "",
            "host_resource_group_arn": null,
            "iam_instance_profile": "ec2_read_s3_profile",
            "id": "i-0a57aceeca82e4265",
            "instance_initiated_shutdown_behavior": "stop",
            "instance_lifecycle": "",
            "instance_market_options": [],
            "instance_state": "running",
            "instance_type": "t2.micro",
            "ipv6_address_count": 0,
            "ipv6_addresses": [],
            "key_name": "",
            "launch_template": [],
            "maintenance_options": [
              {
                "auto_recovery": "default"
              }
            ],
            "metadata_options": [
              {
                "http_endpoint": "enabled",
                "http_put_response_hop_limit": 1,
                "http_tokens": "optional",
                "instance_metadata_tags": "disabled"
              }
            ],
            "monitoring": false,
            "network_interface": [],
            "outpost_arn": "",
            "password_data": "",
            "placement_group": "",
            "placement_partition_number": 0,
            "primary_network_interface_id": "eni-05be36258ee9ce9af",
            "private_dns": "ip-10-0-0-209.ec2.internal",
            "private_dns_name_options": [
              {
                "enable_resource_name_dns_a_record": false,
                "enable_resource_name_dns_aaaa_record": false,
                "hostname_type": "ip-name"
              }
            ],
            "private_ip": "10.0.0.209",
            "public_dns": "ec2-54-234-148-12.compute-1.amazonaws.com",
            "public_ip": "54.234.148.12",
            "root_block_device": [
              {
                "delete_on_termination": true,
                "device_name": "/dev/xvda",
                "encrypted": false,
                "iops": 100,
                "kms_key_id": "",
                "tags": {},
                "throughput": 0,
                "volume_id": "vol-06b8b1a4a6092ab5a",
                "volume_size": 8,
                "volume_type": "gp2"
              }
            ],
            "secondary_private_ips": [],
            "security_groups": [],
            "source_dest_check": true,
            "spot_instance_request_id": "",
            "subnet_id": "subnet-05cccaabea1bc41be",
            "tags": {
              "Name": "Terraform Practice",
              "billing_code": "ACCT8675309",
              "company": "Globomantics",
              "project": "Globomantics-globo-web-app"
            },
            "tags_all": {
              "Name": "Terraform Practice",
              "billing_code": "ACCT8675309",
              "company": "Globomantics",
              "project": "Globomantics-globo-web-app"
            },
            "tenancy": "default",
            "timeouts": null,
            "user_data": "6aa04c3c293388e9ffd675f7a156f0f761005d01",
            "user_data_base64": null,
            "user_data_replace_on_change": false,
            "volume_tags": null,
            "vpc_security_group_ids": [
              "sg-0d75e981b8f9e8dfe"
            ]
          },
          "sensitive_attributes": [],
          "private": "eyJlMmJmYjczMC1lY2FhLTExZTYtOGY4OC0zNDM2M2JjN2M0YzAiOnsiY3JlYXRlIjo2MDAwMDAwMDAwMDAsImRlbGV0ZSI6MTIwMDAwMDAwMDAwMCwidXBkYXRlIjo2MDAwMDAwMDAwMDB9LCJzY2hlbWFfdmVyc2lvbiI6IjEifQ==",
          "dependencies": [
            "aws_iam_instance_profile.ec2_read_s3_profile",
            "aws_iam_role_policy.read_s3_policy",
            "aws_s3_bucket.website_bucket",
            "aws_security_group.nginx_sg",
            "aws_subnet.public_subnet1",
            "data.aws_ssm_parameter.amzn2_linux"
          ]
        }
      ]
    },
    {
      "mode": "managed",
      "type": "aws_instance",
      "name": "nginx2",
      "provider": "provider[\"registry.terraform.io/hashicorp/aws\"]",
      "instances": [
        {
          "schema_version": 1,
          "attributes": {
            "ami": "ami-0476f2ee0a10d89bc",
            "arn": "arn:aws:ec2:us-east-1:555065207695:instance/i-09bddee07fb53d271",
            "associate_public_ip_address": true,
            "availability_zone": "us-east-1b",
            "capacity_reservation_specification": [
              {
                "capacity_reservation_preference": "open",
                "capacity_reservation_target": []
              }
            ],
            "cpu_core_count": 1,
            "cpu_options": [
              {
                "amd_sev_snp": "",
                "core_count": 1,
                "threads_per_core": 1
              }
            ],
            "cpu_threads_per_core": 1,
            "credit_specification": [
              {
                "cpu_credits": "standard"
              }
            ],
            "disable_api_stop": false,
            "disable_api_termination": false,
            "ebs_block_device": [],
            "ebs_optimized": false,
            "enclave_options": [
              {
                "enabled": false
              }
            ],
            "ephemeral_block_device": [],
            "get_password_data": false,
            "hibernation": false,
            "host_id": "",
            "host_resource_group_arn": null,
            "iam_instance_profile": "ec2_read_s3_profile",
            "id": "i-09bddee07fb53d271",
            "instance_initiated_shutdown_behavior": "stop",
            "instance_lifecycle": "",
            "instance_market_options": [],
            "instance_state": "running",
            "instance_type": "t2.micro",
            "ipv6_address_count": 0,
            "ipv6_addresses": [],
            "key_name": "",
            "launch_template": [],
            "maintenance_options": [
              {
                "auto_recovery": "default"
              }
            ],
            "metadata_options": [
              {
                "http_endpoint": "enabled",
                "http_put_response_hop_limit": 1,
                "http_tokens": "optional",
                "instance_metadata_tags": "disabled"
              }
            ],
            "monitoring": false,
            "network_interface": [],
            "outpost_arn": "",
            "password_data": "",
            "placement_group": "",
            "placement_partition_number": 0,
            "primary_network_interface_id": "eni-02019cd90cd2db6e2",
            "private_dns": "ip-10-0-1-148.ec2.internal",
            "private_dns_name_options": [
              {
                "enable_resource_name_dns_a_record": false,
                "enable_resource_name_dns_aaaa_record": false,
                "hostname_type": "ip-name"
              }
            ],
            "private_ip": "10.0.1.148",
            "public_dns": "ec2-3-95-254-27.compute-1.amazonaws.com",
            "public_ip": "3.95.254.27",
            "root_block_device": [
              {
                "delete_on_termination": true,
                "device_name": "/dev/xvda",
                "encrypted": false,
                "iops": 100,
                "kms_key_id": "",
                "tags": {},
                "throughput": 0,
                "volume_id": "vol-021b7f716ecfa32b3",
                "volume_size": 8,
                "volume_type": "gp2"
              }
            ],
            "secondary_private_ips": [],
            "security_groups": [],
            "source_dest_check": true,
            "spot_instance_request_id": "",
            "subnet_id": "subnet-0e19d40bfdf31b442",
            "tags": {
              "Name": "Terraform Practice",
              "billing_code": "ACCT8675309",
              "company": "Globomantics",
              "project": "Globomantics-globo-web-app"
            },
            "tags_all": {
              "Name": "Terraform Practice",
              "billing_code": "ACCT8675309",
              "company": "Globomantics",
              "project": "Globomantics-globo-web-app"
            },
            "tenancy": "default",
            "timeouts": null,
            "user_data": "6aa04c3c293388e9ffd675f7a156f0f761005d01",
            "user_data_base64": null,
            "user_data_replace_on_change": false,
            "volume_tags": null,
            "vpc_security_group_ids": [
              "sg-0d75e981b8f9e8dfe"
            ]
          },
          "sensitive_attributes": [],
          "private": "eyJlMmJmYjczMC1lY2FhLTExZTYtOGY4OC0zNDM2M2JjN2M0YzAiOnsiY3JlYXRlIjo2MDAwMDAwMDAwMDAsImRlbGV0ZSI6MTIwMDAwMDAwMDAwMCwidXBkYXRlIjo2MDAwMDAwMDAwMDB9LCJzY2hlbWFfdmVyc2lvbiI6IjEifQ==",
          "dependencies": [
            "aws_iam_instance_profile.ec2_read_s3_profile",
            "aws_iam_role_policy.read_s3_policy",
            "aws_s3_bucket.website_bucket",
            "aws_security_group.nginx_sg",
            "aws_subnet.public_subnet2",
            "data.aws_ssm_parameter.amzn2_linux"
          ]
        }
      ]
    },
    {
      "mode": "managed",
      "type": "aws_internet_gateway",
      "name": "app",
      "provider": "provider[\"registry.terraform.io/hashicorp/aws\"]",
      "instances": [
        {
          "schema_version": 0,
          "attributes": {
            "arn": "arn:aws:ec2:us-east-1:555065207695:internet-gateway/igw-0ede08cb3613847f1",
            "id": "igw-0ede08cb3613847f1",
            "owner_id": "555065207695",
            "tags": {
              "Name": "Terraform Practice",
              "billing_code": "ACCT8675309",
              "company": "Globomantics",
              "project": "Globomantics-globo-web-app"
            },
            "tags_all": {
              "Name": "Terraform Practice",
              "billing_code": "ACCT8675309",
              "company": "Globomantics",
              "project": "Globomantics-globo-web-app"
            },
            "timeouts": null,
            "vpc_id": "vpc-01176703980e9b16e"
          },
          "sensitive_attributes": [],
          "private": "eyJlMmJmYjczMC1lY2FhLTExZTYtOGY4OC0zNDM2M2JjN2M0YzAiOnsiY3JlYXRlIjoxMjAwMDAwMDAwMDAwLCJkZWxldGUiOjEyMDAwMDAwMDAwMDAsInVwZGF0ZSI6MTIwMDAwMDAwMDAwMH19",
          "dependencies": [
            "aws_vpc.app"
          ]
        }
      ]
    },
    {
      "mode": "managed",
      "type": "aws_lb",
      "name": "nginx_lb",
      "provider": "provider[\"registry.terraform.io/hashicorp/aws\"]",
      "instances": [
        {
          "schema_version": 0,
          "attributes": {
            "access_logs": [
              {
                "bucket": "globo-web-app-48943",
                "enabled": true,
                "prefix": "lb-logs"
              }
            ],
            "arn": "arn:aws:elasticloadbalancing:us-east-1:555065207695:loadbalancer/app/tf-lb-20230727073459783800000001/9a860d1b375b971e",
            "arn_suffix": "app/tf-lb-20230727073459783800000001/9a860d1b375b971e",
            "customer_owned_ipv4_pool": "",
            "desync_mitigation_mode": "defensive",
            "dns_name": "tf-lb-20230727073459783800000001-460554531.us-east-1.elb.amazonaws.com",
            "drop_invalid_header_fields": false,
            "enable_cross_zone_load_balancing": true,
            "enable_deletion_protection": false,
            "enable_http2": true,
            "enable_tls_version_and_cipher_suite_headers": false,
            "enable_waf_fail_open": false,
            "enable_xff_client_port": false,
            "id": "arn:aws:elasticloadbalancing:us-east-1:555065207695:loadbalancer/app/tf-lb-20230727073459783800000001/9a860d1b375b971e",
            "idle_timeout": 60,
            "internal": false,
            "ip_address_type": "ipv4",
            "load_balancer_type": "application",
            "name": "tf-lb-20230727073459783800000001",
            "name_prefix": null,
            "preserve_host_header": false,
            "security_groups": [
              "sg-0dc8e86da89016086"
            ],
            "subnet_mapping": [
              {
                "allocation_id": "",
                "ipv6_address": "",
                "outpost_id": "",
                "private_ipv4_address": "",
                "subnet_id": "subnet-05cccaabea1bc41be"
              },
              {
                "allocation_id": "",
                "ipv6_address": "",
                "outpost_id": "",
                "private_ipv4_address": "",
                "subnet_id": "subnet-0e19d40bfdf31b442"
              }
            ],
            "subnets": [
              "subnet-05cccaabea1bc41be",
              "subnet-0e19d40bfdf31b442"
            ],
            "tags": {
              "Name": "Terraform Practice",
              "billing_code": "ACCT8675309",
              "company": "Globomantics",
              "project": "Globomantics-globo-web-app"
            },
            "tags_all": {
              "Name": "Terraform Practice",
              "billing_code": "ACCT8675309",
              "company": "Globomantics",
              "project": "Globomantics-globo-web-app"
            },
            "timeouts": null,
            "vpc_id": "vpc-01176703980e9b16e",
            "xff_header_processing_mode": "append",
            "zone_id": "Z35SXDOTRQ7X7K"
          },
          "sensitive_attributes": [],
          "private": "eyJlMmJmYjczMC1lY2FhLTExZTYtOGY4OC0zNDM2M2JjN2M0YzAiOnsiY3JlYXRlIjo2MDAwMDAwMDAwMDAsImRlbGV0ZSI6NjAwMDAwMDAwMDAwLCJ1cGRhdGUiOjYwMDAwMDAwMDAwMH19",
          "dependencies": [
            "aws_s3_bucket.website_bucket",
            "aws_security_group.lb_sg",
            "aws_subnet.public_subnet1",
            "aws_subnet.public_subnet2"
          ]
        }
      ]
    },
    {
      "mode": "managed",
      "type": "aws_lb_listener",
      "name": "front_end",
      "provider": "provider[\"registry.terraform.io/hashicorp/aws\"]",
      "instances": [
        {
          "schema_version": 0,
          "attributes": {
            "alpn_policy": null,
            "arn": "arn:aws:elasticloadbalancing:us-east-1:555065207695:listener/app/tf-lb-20230727073459783800000001/9a860d1b375b971e/d7549ba7139e2e76",
            "certificate_arn": null,
            "default_action": [
              {
                "authenticate_cognito": [],
                "authenticate_oidc": [],
                "fixed_response": [],
                "forward": [],
                "order": 1,
                "redirect": [],
                "target_group_arn": "arn:aws:elasticloadbalancing:us-east-1:555065207695:targetgroup/tf-20230727072107826600000001/6e6f705c0f3d4a88",
                "type": "forward"
              }
            ],
            "id": "arn:aws:elasticloadbalancing:us-east-1:555065207695:listener/app/tf-lb-20230727073459783800000001/9a860d1b375b971e/d7549ba7139e2e76",
            "load_balancer_arn": "arn:aws:elasticloadbalancing:us-east-1:555065207695:loadbalancer/app/tf-lb-20230727073459783800000001/9a860d1b375b971e",
            "port": 80,
            "protocol": "HTTP",
            "ssl_policy": "",
            "tags": {
              "Name": "Terraform Practice",
              "billing_code": "ACCT8675309",
              "company": "Globomantics",
              "project": "Globomantics-globo-web-app"
            },
            "tags_all": {
              "Name": "Terraform Practice",
              "billing_code": "ACCT8675309",
              "company": "Globomantics",
              "project": "Globomantics-globo-web-app"
            },
            "timeouts": null
          },
          "sensitive_attributes": [],
          "private": "eyJlMmJmYjczMC1lY2FhLTExZTYtOGY4OC0zNDM2M2JjN2M0YzAiOnsicmVhZCI6NjAwMDAwMDAwMDAwfX0=",
          "dependencies": [
            "aws_lb.nginx_lb",
            "aws_lb_target_group.nginx_tg",
            "aws_s3_bucket.website_bucket",
            "aws_security_group.lb_sg",
            "aws_subnet.public_subnet1",
            "aws_subnet.public_subnet2"
          ]
        }
      ]
    },
    {
      "mode": "managed",
      "type": "aws_lb_target_group",
      "name": "nginx_tg",
      "provider": "provider[\"registry.terraform.io/hashicorp/aws\"]",
      "instances": [
        {
          "schema_version": 0,
          "attributes": {
            "arn": "arn:aws:elasticloadbalancing:us-east-1:555065207695:targetgroup/tf-20230727072107826600000001/6e6f705c0f3d4a88",
            "arn_suffix": "targetgroup/tf-20230727072107826600000001/6e6f705c0f3d4a88",
            "connection_termination": false,
            "deregistration_delay": "300",
            "health_check": [
              {
                "enabled": true,
                "healthy_threshold": 5,
                "interval": 30,
                "matcher": "200",
                "path": "/",
                "port": "traffic-port",
                "protocol": "HTTP",
                "timeout": 5,
                "unhealthy_threshold": 2
              }
            ],
            "id": "arn:aws:elasticloadbalancing:us-east-1:555065207695:targetgroup/tf-20230727072107826600000001/6e6f705c0f3d4a88",
            "ip_address_type": "ipv4",
            "lambda_multi_value_headers_enabled": false,
            "load_balancing_algorithm_type": "round_robin",
            "load_balancing_cross_zone_enabled": "use_load_balancer_configuration",
            "name": "tf-20230727072107826600000001",
            "name_prefix": null,
            "port": 80,
            "preserve_client_ip": null,
            "protocol": "HTTP",
            "protocol_version": "HTTP1",
            "proxy_protocol_v2": false,
            "slow_start": 0,
            "stickiness": [
              {
                "cookie_duration": 86400,
                "cookie_name": "",
                "enabled": false,
                "type": "lb_cookie"
              }
            ],
            "tags": {
              "Name": "Terraform Practice",
              "billing_code": "ACCT8675309",
              "company": "Globomantics",
              "project": "Globomantics-globo-web-app"
            },
            "tags_all": {
              "Name": "Terraform Practice",
              "billing_code": "ACCT8675309",
              "company": "Globomantics",
              "project": "Globomantics-globo-web-app"
            },
            "target_failover": [
              {
                "on_deregistration": null,
                "on_unhealthy": null
              }
            ],
            "target_type": "instance",
            "vpc_id": "vpc-01176703980e9b16e"
          },
          "sensitive_attributes": [],
          "private": "bnVsbA==",
          "dependencies": [
            "aws_vpc.app"
          ]
        }
      ]
    },
    {
      "mode": "managed",
      "type": "aws_lb_target_group_attachment",
      "name": "tg1",
      "provider": "provider[\"registry.terraform.io/hashicorp/aws\"]",
      "instances": [
        {
          "schema_version": 0,
          "attributes": {
            "availability_zone": null,
            "id": "arn:aws:elasticloadbalancing:us-east-1:555065207695:targetgroup/tf-20230727072107826600000001/6e6f705c0f3d4a88-20230727073604601900000005",
            "port": 80,
            "target_group_arn": "arn:aws:elasticloadbalancing:us-east-1:555065207695:targetgroup/tf-20230727072107826600000001/6e6f705c0f3d4a88",
            "target_id": "i-0a57aceeca82e4265"
          },
          "sensitive_attributes": [],
          "private": "bnVsbA==",
          "dependencies": [
            "aws_iam_instance_profile.ec2_read_s3_profile",
            "aws_iam_role_policy.read_s3_policy",
            "aws_instance.nginx1",
            "aws_lb_target_group.nginx_tg",
            "aws_s3_bucket.website_bucket",
            "aws_security_group.nginx_sg",
            "aws_subnet.public_subnet1",
            "data.aws_ssm_parameter.amzn2_linux"
          ]
        }
      ]
    },
    {
      "mode": "managed",
      "type": "aws_lb_target_group_attachment",
      "name": "tg2",
      "provider": "provider[\"registry.terraform.io/hashicorp/aws\"]",
      "instances": [
        {
          "schema_version": 0,
          "attributes": {
            "availability_zone": null,
            "id": "arn:aws:elasticloadbalancing:us-east-1:555065207695:targetgroup/tf-20230727072107826600000001/6e6f705c0f3d4a88-20230727073604292500000004",
            "port": 80,
            "target_group_arn": "arn:aws:elasticloadbalancing:us-east-1:555065207695:targetgroup/tf-20230727072107826600000001/6e6f705c0f3d4a88",
            "target_id": "i-09bddee07fb53d271"
          },
          "sensitive_attributes": [],
          "private": "bnVsbA==",
          "dependencies": [
            "aws_iam_instance_profile.ec2_read_s3_profile",
            "aws_iam_role_policy.read_s3_policy",
            "aws_instance.nginx2",
            "aws_lb_target_group.nginx_tg",
            "aws_s3_bucket.website_bucket",
            "aws_security_group.nginx_sg",
            "aws_subnet.public_subnet2",
            "data.aws_ssm_parameter.amzn2_linux"
          ]
        }
      ]
    },
    {
      "mode": "managed",
      "type": "aws_route_table",
      "name": "app",
      "provider": "provider[\"registry.terraform.io/hashicorp/aws\"]",
      "instances": [
        {
          "schema_version": 0,
          "attributes": {
            "arn": "arn:aws:ec2:us-east-1:555065207695:route-table/rtb-098b896f521d40ab8",
            "id": "rtb-098b896f521d40ab8",
            "owner_id": "555065207695",
            "propagating_vgws": [],
            "route": [
              {
                "carrier_gateway_id": "",
                "cidr_block": "0.0.0.0/0",
                "core_network_arn": "",
                "destination_prefix_list_id": "",
                "egress_only_gateway_id": "",
                "gateway_id": "igw-0ede08cb3613847f1",
                "ipv6_cidr_block": "",
                "local_gateway_id": "",
                "nat_gateway_id": "",
                "network_interface_id": "",
                "transit_gateway_id": "",
                "vpc_endpoint_id": "",
                "vpc_peering_connection_id": ""
              }
            ],
            "tags": {
              "Name": "Terraform Practice",
              "billing_code": "ACCT8675309",
              "company": "Globomantics",
              "project": "Globomantics-globo-web-app"
            },
            "tags_all": {
              "Name": "Terraform Practice",
              "billing_code": "ACCT8675309",
              "company": "Globomantics",
              "project": "Globomantics-globo-web-app"
            },
            "timeouts": null,
            "vpc_id": "vpc-01176703980e9b16e"
          },
          "sensitive_attributes": [],
          "private": "eyJlMmJmYjczMC1lY2FhLTExZTYtOGY4OC0zNDM2M2JjN2M0YzAiOnsiY3JlYXRlIjozMDAwMDAwMDAwMDAsImRlbGV0ZSI6MzAwMDAwMDAwMDAwLCJ1cGRhdGUiOjEyMDAwMDAwMDAwMH19",
          "dependencies": [
            "aws_internet_gateway.app",
            "aws_vpc.app"
          ]
        }
      ]
    },
    {
      "mode": "managed",
      "type": "aws_route_table_association",
      "name": "app_subnet1",
      "provider": "provider[\"registry.terraform.io/hashicorp/aws\"]",
      "instances": [
        {
          "schema_version": 0,
          "attributes": {
            "gateway_id": "",
            "id": "rtbassoc-04c0f425e36adcb67",
            "route_table_id": "rtb-098b896f521d40ab8",
            "subnet_id": "subnet-05cccaabea1bc41be",
            "timeouts": null
          },
          "sensitive_attributes": [],
          "private": "eyJlMmJmYjczMC1lY2FhLTExZTYtOGY4OC0zNDM2M2JjN2M0YzAiOnsiY3JlYXRlIjozMDAwMDAwMDAwMDAsImRlbGV0ZSI6MzAwMDAwMDAwMDAwLCJ1cGRhdGUiOjEyMDAwMDAwMDAwMH19",
          "dependencies": [
            "aws_internet_gateway.app",
            "aws_route_table.app",
            "aws_subnet.public_subnet1",
            "aws_vpc.app",
            "data.aws_availability_zones.available"
          ]
        }
      ]
    },
    {
      "mode": "managed",
      "type": "aws_route_table_association",
      "name": "app_subnet2",
      "provider": "provider[\"registry.terraform.io/hashicorp/aws\"]",
      "instances": [
        {
          "schema_version": 0,
          "attributes": {
            "gateway_id": "",
            "id": "rtbassoc-02f13af468d02452a",
            "route_table_id": "rtb-098b896f521d40ab8",
            "subnet_id": "subnet-0e19d40bfdf31b442",
            "timeouts": null
          },
          "sensitive_attributes": [],
          "private": "eyJlMmJmYjczMC1lY2FhLTExZTYtOGY4OC0zNDM2M2JjN2M0YzAiOnsiY3JlYXRlIjozMDAwMDAwMDAwMDAsImRlbGV0ZSI6MzAwMDAwMDAwMDAwLCJ1cGRhdGUiOjEyMDAwMDAwMDAwMH19",
          "dependencies": [
            "aws_internet_gateway.app",
            "aws_route_table.app",
            "aws_subnet.public_subnet2",
            "aws_vpc.app",
            "data.aws_availability_zones.available"
          ]
        }
      ]
    },
    {
      "mode": "managed",
      "type": "aws_s3_bucket",
      "name": "website_bucket",
      "provider": "provider[\"registry.terraform.io/hashicorp/aws\"]",
      "instances": [
        {
          "schema_version": 0,
          "attributes": {
            "acceleration_status": "",
            "acl": null,
            "arn": "arn:aws:s3:::globo-web-app-48943",
            "bucket": "globo-web-app-48943",
            "bucket_domain_name": "globo-web-app-48943.s3.amazonaws.com",
            "bucket_prefix": "",
            "bucket_regional_domain_name": "globo-web-app-48943.s3.us-east-1.amazonaws.com",
            "cors_rule": [],
            "force_destroy": true,
            "grant": [
              {
                "id": "0bde1ae986789de2a9f93b4a0d6b213bf1b2b6d76656a92ac2532664eef70511",
                "permissions": [
                  "FULL_CONTROL"
                ],
                "type": "CanonicalUser",
                "uri": ""
              }
            ],
            "hosted_zone_id": "Z3AQBSTGFYJSTF",
            "id": "globo-web-app-48943",
            "lifecycle_rule": [],
            "logging": [],
            "object_lock_configuration": [],
            "object_lock_enabled": false,
            "policy": "{\"Statement\":[{\"Action\":\"s3:PutObject\",\"Effect\":\"Allow\",\"Principal\":{\"AWS\":\"arn:aws:iam::127311923021:root\"},\"Resource\":\"arn:aws:s3:::globo-web-app-48943/AWSLogs/*\"}],\"Version\":\"2012-10-17\"}",
            "region": "us-east-1",
            "replication_configuration": [],
            "request_payer": "BucketOwner",
            "server_side_encryption_configuration": [
              {
                "rule": [
                  {
                    "apply_server_side_encryption_by_default": [
                      {
                        "kms_master_key_id": "",
                        "sse_algorithm": "AES256"
                      }
                    ],
                    "bucket_key_enabled": false
                  }
                ]
              }
            ],
            "tags": {
              "Name": "Terraform Practice",
              "billing_code": "ACCT8675309",
              "company": "Globomantics",
              "project": "Globomantics-globo-web-app"
            },
            "tags_all": {
              "Name": "Terraform Practice",
              "billing_code": "ACCT8675309",
              "company": "Globomantics",
              "project": "Globomantics-globo-web-app"
            },
            "timeouts": null,
            "versioning": [
              {
                "enabled": false,
                "mfa_delete": false
              }
            ],
            "website": [],
            "website_domain": null,
            "website_endpoint": null
          },
          "sensitive_attributes": [],
          "private": "eyJlMmJmYjczMC1lY2FhLTExZTYtOGY4OC0zNDM2M2JjN2M0YzAiOnsiY3JlYXRlIjoxMjAwMDAwMDAwMDAwLCJkZWxldGUiOjM2MDAwMDAwMDAwMDAsInJlYWQiOjEyMDAwMDAwMDAwMDAsInVwZGF0ZSI6MTIwMDAwMDAwMDAwMH19",
          "dependencies": [
            "random_integer.rand"
          ]
        }
      ]
    },
    {
      "mode": "managed",
      "type": "aws_s3_bucket_policy",
      "name": "allow_elb_write_access_logs",
      "provider": "provider[\"registry.terraform.io/hashicorp/aws\"]",
      "instances": [
        {
          "schema_version": 0,
          "attributes": {
            "bucket": "globo-web-app-48943",
            "id": "globo-web-app-48943",
            "policy": "{\"Statement\":[{\"Action\":\"s3:PutObject\",\"Effect\":\"Allow\",\"Principal\":{\"AWS\":\"arn:aws:iam::127311923021:root\"},\"Resource\":\"arn:aws:s3:::globo-web-app-48943/lb-logs/*\"}],\"Version\":\"2012-10-17\"}"
          },
          "sensitive_attributes": [],
          "private": "bnVsbA==",
          "dependencies": [
            "aws_s3_bucket.website_bucket",
            "data.aws_iam_policy_document.allow_elb_write_access_logs"
          ]
        }
      ]
    },
    {
      "mode": "managed",
      "type": "aws_s3_object",
      "name": "index",
      "provider": "provider[\"registry.terraform.io/hashicorp/aws\"]",
      "instances": [
        {
          "schema_version": 0,
          "attributes": {
            "acl": null,
            "bucket": "globo-web-app-48943",
            "bucket_key_enabled": false,
            "cache_control": "",
            "content": null,
            "content_base64": null,
            "content_disposition": "",
            "content_encoding": "",
            "content_language": "",
            "content_type": "binary/octet-stream",
            "etag": "c50d7bb0f7d9dc993dd2c60c4416da23",
            "force_destroy": false,
            "id": "website/index.html",
            "key": "website/index.html",
            "kms_key_id": null,
            "metadata": null,
            "object_lock_legal_hold_status": "",
            "object_lock_mode": "",
            "object_lock_retain_until_date": "",
            "server_side_encryption": "AES256",
            "source": "website/index.html",
            "source_hash": null,
            "storage_class": "STANDARD",
            "tags": {
              "Name": "Terraform Practice",
              "billing_code": "ACCT8675309",
              "company": "Globomantics",
              "project": "Globomantics-globo-web-app"
            },
            "tags_all": {
              "Name": "Terraform Practice",
              "billing_code": "ACCT8675309",
              "company": "Globomantics",
              "project": "Globomantics-globo-web-app"
            },
            "version_id": "",
            "website_redirect": ""
          },
          "sensitive_attributes": [],
          "private": "bnVsbA==",
          "dependencies": [
            "aws_s3_bucket.website_bucket"
          ]
        }
      ]
    },
    {
      "mode": "managed",
      "type": "aws_s3_object",
      "name": "logo",
      "provider": "provider[\"registry.terraform.io/hashicorp/aws\"]",
      "instances": [
        {
          "schema_version": 0,
          "attributes": {
            "acl": null,
            "bucket": "globo-web-app-48943",
            "bucket_key_enabled": false,
            "cache_control": "",
            "content": null,
            "content_base64": null,
            "content_disposition": "",
            "content_encoding": "",
            "content_language": "",
            "content_type": "binary/octet-stream",
            "etag": "e687fb69f04d709058ec93b505e8c8ee",
            "force_destroy": false,
            "id": "website/Globo_logo_Vert.png",
            "key": "website/Globo_logo_Vert.png",
            "kms_key_id": null,
            "metadata": null,
            "object_lock_legal_hold_status": "",
            "object_lock_mode": "",
            "object_lock_retain_until_date": "",
            "server_side_encryption": "AES256",
            "source": "website/Globo_logo_Vert.png",
            "source_hash": null,
            "storage_class": "STANDARD",
            "tags": {
              "Name": "Terraform Practice",
              "billing_code": "ACCT8675309",
              "company": "Globomantics",
              "project": "Globomantics-globo-web-app"
            },
            "tags_all": {
              "Name": "Terraform Practice",
              "billing_code": "ACCT8675309",
              "company": "Globomantics",
              "project": "Globomantics-globo-web-app"
            },
            "version_id": "",
            "website_redirect": ""
          },
          "sensitive_attributes": [],
          "private": "bnVsbA==",
          "dependencies": [
            "aws_s3_bucket.website_bucket"
          ]
        }
      ]
    },
    {
      "mode": "managed",
      "type": "aws_security_group",
      "name": "lb_sg",
      "provider": "provider[\"registry.terraform.io/hashicorp/aws\"]",
      "instances": [
        {
          "schema_version": 1,
          "attributes": {
            "arn": "arn:aws:ec2:us-east-1:555065207695:security-group/sg-0dc8e86da89016086",
            "description": "Managed by Terraform",
            "egress": [
              {
                "cidr_blocks": [
                  "0.0.0.0/0"
                ],
                "description": "",
                "from_port": 0,
                "ipv6_cidr_blocks": [],
                "prefix_list_ids": [],
                "protocol": "-1",
                "security_groups": [],
                "self": false,
                "to_port": 0
              }
            ],
            "id": "sg-0dc8e86da89016086",
            "ingress": [
              {
                "cidr_blocks": [
                  "0.0.0.0/0"
                ],
                "description": "",
                "from_port": 80,
                "ipv6_cidr_blocks": [],
                "prefix_list_ids": [],
                "protocol": "tcp",
                "security_groups": [],
                "self": false,
                "to_port": 80
              }
            ],
            "name": "terraform-20230727072107837600000002",
            "name_prefix": "terraform-",
            "owner_id": "555065207695",
            "revoke_rules_on_delete": false,
            "tags": {
              "Name": "Terraform Practice",
              "billing_code": "ACCT8675309",
              "company": "Globomantics",
              "project": "Globomantics-globo-web-app"
            },
            "tags_all": {
              "Name": "Terraform Practice",
              "billing_code": "ACCT8675309",
              "company": "Globomantics",
              "project": "Globomantics-globo-web-app"
            },
            "timeouts": null,
            "vpc_id": "vpc-01176703980e9b16e"
          },
          "sensitive_attributes": [],
          "private": "eyJlMmJmYjczMC1lY2FhLTExZTYtOGY4OC0zNDM2M2JjN2M0YzAiOnsiY3JlYXRlIjo2MDAwMDAwMDAwMDAsImRlbGV0ZSI6OTAwMDAwMDAwMDAwfSwic2NoZW1hX3ZlcnNpb24iOiIxIn0=",
          "dependencies": [
            "aws_vpc.app"
          ]
        }
      ]
    },
    {
      "mode": "managed",
      "type": "aws_security_group",
      "name": "nginx_sg",
      "provider": "provider[\"registry.terraform.io/hashicorp/aws\"]",
      "instances": [
        {
          "schema_version": 1,
          "attributes": {
            "arn": "arn:aws:ec2:us-east-1:555065207695:security-group/sg-0d75e981b8f9e8dfe",
            "description": "Managed by Terraform",
            "egress": [
              {
                "cidr_blocks": [
                  "0.0.0.0/0"
                ],
                "description": "",
                "from_port": 0,
                "ipv6_cidr_blocks": [],
                "prefix_list_ids": [],
                "protocol": "-1",
                "security_groups": [],
                "self": false,
                "to_port": 0
              }
            ],
            "id": "sg-0d75e981b8f9e8dfe",
            "ingress": [
              {
                "cidr_blocks": [
                  "10.0.0.0/16"
                ],
                "description": "",
                "from_port": 80,
                "ipv6_cidr_blocks": [],
                "prefix_list_ids": [],
                "protocol": "tcp",
                "security_groups": [],
                "self": false,
                "to_port": 80
              }
            ],
            "name": "terraform-20230727072107839400000003",
            "name_prefix": "terraform-",
            "owner_id": "555065207695",
            "revoke_rules_on_delete": false,
            "tags": {
              "Name": "Terraform Practice",
              "billing_code": "ACCT8675309",
              "company": "Globomantics",
              "project": "Globomantics-globo-web-app"
            },
            "tags_all": {
              "Name": "Terraform Practice",
              "billing_code": "ACCT8675309",
              "company": "Globomantics",
              "project": "Globomantics-globo-web-app"
            },
            "timeouts": null,
            "vpc_id": "vpc-01176703980e9b16e"
          },
          "sensitive_attributes": [],
          "private": "eyJlMmJmYjczMC1lY2FhLTExZTYtOGY4OC0zNDM2M2JjN2M0YzAiOnsiY3JlYXRlIjo2MDAwMDAwMDAwMDAsImRlbGV0ZSI6OTAwMDAwMDAwMDAwfSwic2NoZW1hX3ZlcnNpb24iOiIxIn0=",
          "dependencies": [
            "aws_vpc.app"
          ]
        }
      ]
    },
    {
      "mode": "managed",
      "type": "aws_subnet",
      "name": "public_subnet1",
      "provider": "provider[\"registry.terraform.io/hashicorp/aws\"]",
      "instances": [
        {
          "schema_version": 1,
          "attributes": {
            "arn": "arn:aws:ec2:us-east-1:555065207695:subnet/subnet-05cccaabea1bc41be",
            "assign_ipv6_address_on_creation": false,
            "availability_zone": "us-east-1a",
            "availability_zone_id": "use1-az4",
            "cidr_block": "10.0.0.0/24",
            "customer_owned_ipv4_pool": "",
            "enable_dns64": false,
            "enable_lni_at_device_index": 0,
            "enable_resource_name_dns_a_record_on_launch": false,
            "enable_resource_name_dns_aaaa_record_on_launch": false,
            "id": "subnet-05cccaabea1bc41be",
            "ipv6_cidr_block": "",
            "ipv6_cidr_block_association_id": "",
            "ipv6_native": false,
            "map_customer_owned_ip_on_launch": false,
            "map_public_ip_on_launch": true,
            "outpost_arn": "",
            "owner_id": "555065207695",
            "private_dns_hostname_type_on_launch": "ip-name",
            "tags": {
              "Name": "Terraform Practice",
              "billing_code": "ACCT8675309",
              "company": "Globomantics",
              "project": "Globomantics-globo-web-app"
            },
            "tags_all": {
              "Name": "Terraform Practice",
              "billing_code": "ACCT8675309",
              "company": "Globomantics",
              "project": "Globomantics-globo-web-app"
            },
            "timeouts": null,
            "vpc_id": "vpc-01176703980e9b16e"
          },
          "sensitive_attributes": [],
          "private": "eyJlMmJmYjczMC1lY2FhLTExZTYtOGY4OC0zNDM2M2JjN2M0YzAiOnsiY3JlYXRlIjo2MDAwMDAwMDAwMDAsImRlbGV0ZSI6MTIwMDAwMDAwMDAwMH0sInNjaGVtYV92ZXJzaW9uIjoiMSJ9",
          "dependencies": [
            "aws_vpc.app",
            "data.aws_availability_zones.available"
          ]
        }
      ]
    },
    {
      "mode": "managed",
      "type": "aws_subnet",
      "name": "public_subnet2",
      "provider": "provider[\"registry.terraform.io/hashicorp/aws\"]",
      "instances": [
        {
          "schema_version": 1,
          "attributes": {
            "arn": "arn:aws:ec2:us-east-1:555065207695:subnet/subnet-0e19d40bfdf31b442",
            "assign_ipv6_address_on_creation": false,
            "availability_zone": "us-east-1b",
            "availability_zone_id": "use1-az6",
            "cidr_block": "10.0.1.0/24",
            "customer_owned_ipv4_pool": "",
            "enable_dns64": false,
            "enable_lni_at_device_index": 0,
            "enable_resource_name_dns_a_record_on_launch": false,
            "enable_resource_name_dns_aaaa_record_on_launch": false,
            "id": "subnet-0e19d40bfdf31b442",
            "ipv6_cidr_block": "",
            "ipv6_cidr_block_association_id": "",
            "ipv6_native": false,
            "map_customer_owned_ip_on_launch": false,
            "map_public_ip_on_launch": true,
            "outpost_arn": "",
            "owner_id": "555065207695",
            "private_dns_hostname_type_on_launch": "ip-name",
            "tags": {
              "Name": "Terraform Practice",
              "billing_code": "ACCT8675309",
              "company": "Globomantics",
              "project": "Globomantics-globo-web-app"
            },
            "tags_all": {
              "Name": "Terraform Practice",
              "billing_code": "ACCT8675309",
              "company": "Globomantics",
              "project": "Globomantics-globo-web-app"
            },
            "timeouts": null,
            "vpc_id": "vpc-01176703980e9b16e"
          },
          "sensitive_attributes": [],
          "private": "eyJlMmJmYjczMC1lY2FhLTExZTYtOGY4OC0zNDM2M2JjN2M0YzAiOnsiY3JlYXRlIjo2MDAwMDAwMDAwMDAsImRlbGV0ZSI6MTIwMDAwMDAwMDAwMH0sInNjaGVtYV92ZXJzaW9uIjoiMSJ9",
          "dependencies": [
            "aws_vpc.app",
            "data.aws_availability_zones.available"
          ]
        }
      ]
    },
    {
      "mode": "managed",
      "type": "aws_vpc",
      "name": "app",
      "provider": "provider[\"registry.terraform.io/hashicorp/aws\"]",
      "instances": [
        {
          "schema_version": 1,
          "attributes": {
            "arn": "arn:aws:ec2:us-east-1:555065207695:vpc/vpc-01176703980e9b16e",
            "assign_generated_ipv6_cidr_block": false,
            "cidr_block": "10.0.0.0/16",
            "default_network_acl_id": "acl-0d3c6bc70aee1871d",
            "default_route_table_id": "rtb-0e8c2ce5b5a513325",
            "default_security_group_id": "sg-062ad8cd49fcb8154",
            "dhcp_options_id": "dopt-0aad078b2c96e0168",
            "enable_dns_hostnames": true,
            "enable_dns_support": true,
            "enable_network_address_usage_metrics": false,
            "id": "vpc-01176703980e9b16e",
            "instance_tenancy": "default",
            "ipv4_ipam_pool_id": null,
            "ipv4_netmask_length": null,
            "ipv6_association_id": "",
            "ipv6_cidr_block": "",
            "ipv6_cidr_block_network_border_group": "",
            "ipv6_ipam_pool_id": "",
            "ipv6_netmask_length": 0,
            "main_route_table_id": "rtb-0e8c2ce5b5a513325",
            "owner_id": "555065207695",
            "tags": {
              "Name": "Terraform Practice",
              "billing_code": "ACCT8675309",
              "company": "Globomantics",
              "project": "Globomantics-globo-web-app"
            },
            "tags_all": {
              "Name": "Terraform Practice",
              "billing_code": "ACCT8675309",
              "company": "Globomantics",
              "project": "Globomantics-globo-web-app"
            }
          },
          "sensitive_attributes": [],
          "private": "eyJzY2hlbWFfdmVyc2lvbiI6IjEifQ=="
        }
      ]
    },
    {
      "mode": "managed",
      "type": "random_integer",
      "name": "rand",
      "provider": "provider[\"registry.terraform.io/hashicorp/random\"]",
      "instances": [
        {
          "schema_version": 0,
          "attributes": {
            "id": "48943",
            "keepers": null,
            "max": 99999,
            "min": 10000,
            "result": 48943,
            "seed": null
          },
          "sensitive_attributes": []
        }
      ]
    }
  ],
  "check_results": null
}
